// !$*UTF8*$!
{
	archiveVersion = 1;
	classes = {
	};
	objectVersion = 46;
	objects = {

/* Begin PBXBuildFile section */
		3A39579E1C8643A0006079F6 /* QMCore.swift in Sources */ = {isa = PBXBuildFile; fileRef = 3A8A0B981C724244006DFAD7 /* QMCore.swift */; };
		3A6AE2B61D9AA56E002DACE6 /* QMProductSum.swift in Sources */ = {isa = PBXBuildFile; fileRef = 3A6AE2B51D9AA56E002DACE6 /* QMProductSum.swift */; };
		3A8A0B731C72420E006DFAD7 /* AppDelegate.swift in Sources */ = {isa = PBXBuildFile; fileRef = 3A8A0B721C72420E006DFAD7 /* AppDelegate.swift */; };
		3A8A0B751C72420E006DFAD7 /* MenuViewController.swift in Sources */ = {isa = PBXBuildFile; fileRef = 3A8A0B741C72420E006DFAD7 /* MenuViewController.swift */; };
		3A8A0B781C72420E006DFAD7 /* Main.storyboard in Resources */ = {isa = PBXBuildFile; fileRef = 3A8A0B761C72420E006DFAD7 /* Main.storyboard */; };
		3A8A0B7B1C72420E006DFAD7 /* KK.xcdatamodeld in Sources */ = {isa = PBXBuildFile; fileRef = 3A8A0B791C72420E006DFAD7 /* KK.xcdatamodeld */; };
		3A8A0B7D1C72420E006DFAD7 /* Assets.xcassets in Resources */ = {isa = PBXBuildFile; fileRef = 3A8A0B7C1C72420E006DFAD7 /* Assets.xcassets */; };
		3A8A0B801C72420E006DFAD7 /* LaunchScreen.storyboard in Resources */ = {isa = PBXBuildFile; fileRef = 3A8A0B7E1C72420E006DFAD7 /* LaunchScreen.storyboard */; };
		3A8A0B8B1C72420E006DFAD7 /* KKUITests.swift in Sources */ = {isa = PBXBuildFile; fileRef = 3A8A0B8A1C72420E006DFAD7 /* KKUITests.swift */; };
		3A8A0B991C724244006DFAD7 /* QMCore.swift in Sources */ = {isa = PBXBuildFile; fileRef = 3A8A0B981C724244006DFAD7 /* QMCore.swift */; };
		3A8A0B9B1C72424E006DFAD7 /* QMMinterm.swift in Sources */ = {isa = PBXBuildFile; fileRef = 3A8A0B9A1C72424E006DFAD7 /* QMMinterm.swift */; };
		3A8A0B9D1C724256006DFAD7 /* Extensions.swift in Sources */ = {isa = PBXBuildFile; fileRef = 3A8A0B9C1C724256006DFAD7 /* Extensions.swift */; };
		3A8A0BA01C72427E006DFAD7 /* UserSession.swift in Sources */ = {isa = PBXBuildFile; fileRef = 3A8A0B9F1C72427E006DFAD7 /* UserSession.swift */; };
		3A8A0BA21C724344006DFAD7 /* MapViewController.swift in Sources */ = {isa = PBXBuildFile; fileRef = 3A8A0BA11C724344006DFAD7 /* MapViewController.swift */; };
		3A8A0BA41C724357006DFAD7 /* ConfigViewController.swift in Sources */ = {isa = PBXBuildFile; fileRef = 3A8A0BA31C724357006DFAD7 /* ConfigViewController.swift */; };
		3A8A0BA61C724364006DFAD7 /* TutorialViewController.swift in Sources */ = {isa = PBXBuildFile; fileRef = 3A8A0BA51C724364006DFAD7 /* TutorialViewController.swift */; };
		3A8A0BA81C72438A006DFAD7 /* Map2x2.xib in Resources */ = {isa = PBXBuildFile; fileRef = 3A8A0BA71C72438A006DFAD7 /* Map2x2.xib */; };
		3A8A0BAA1C7243A1006DFAD7 /* Map2x4.xib in Resources */ = {isa = PBXBuildFile; fileRef = 3A8A0BA91C7243A1006DFAD7 /* Map2x4.xib */; };
		3A8A0BAC1C7243B1006DFAD7 /* Map4x4.xib in Resources */ = {isa = PBXBuildFile; fileRef = 3A8A0BAB1C7243B1006DFAD7 /* Map4x4.xib */; };
		3A8A0BAE1C7243C0006DFAD7 /* Map4x4_5.xib in Resources */ = {isa = PBXBuildFile; fileRef = 3A8A0BAD1C7243C0006DFAD7 /* Map4x4_5.xib */; };
		3A8A0BB21C7244FF006DFAD7 /* Logo@3.xib in Resources */ = {isa = PBXBuildFile; fileRef = 3A8A0BB11C7244FF006DFAD7 /* Logo@3.xib */; };
		3A8A0BB81C724721006DFAD7 /* trench.otf in Resources */ = {isa = PBXBuildFile; fileRef = 3A8A0BB51C7246DF006DFAD7 /* trench.otf */; };
		3A8A0BB91C724721006DFAD7 /* Lantinghei.ttc in Resources */ = {isa = PBXBuildFile; fileRef = 3A8A0BB61C7246DF006DFAD7 /* Lantinghei.ttc */; };
		3A8A0BBA1C724721006DFAD7 /* PEPSI_pl.ttf in Resources */ = {isa = PBXBuildFile; fileRef = 3A8A0BB71C7246DF006DFAD7 /* PEPSI_pl.ttf */; };
		3A8A0BBC1C724893006DFAD7 /* LogoView.swift in Sources */ = {isa = PBXBuildFile; fileRef = 3A8A0BBB1C724893006DFAD7 /* LogoView.swift */; };
		3A8A0BBE1C7249D7006DFAD7 /* MapView.swift in Sources */ = {isa = PBXBuildFile; fileRef = 3A8A0BBD1C7249D7006DFAD7 /* MapView.swift */; };
		3A8F86061C740F63001231B5 /* Logo@2.xib in Resources */ = {isa = PBXBuildFile; fileRef = 3A8F86051C740F63001231B5 /* Logo@2.xib */; };
		3A8FDD921C753B930007CF02 /* MeshView.swift in Sources */ = {isa = PBXBuildFile; fileRef = 3A8FDD911C753B930007CF02 /* MeshView.swift */; };
		3ABEEAC01CF0E6EA00190452 /* Constants.swift in Sources */ = {isa = PBXBuildFile; fileRef = 3ABEEABF1CF0E6EA00190452 /* Constants.swift */; };
		3ABEEAC31CF0FFF900190452 /* StoryBoardManager.swift in Sources */ = {isa = PBXBuildFile; fileRef = 3ABEEAC21CF0FFF900190452 /* StoryBoardManager.swift */; };
		3ABEEAC51CF16B3300190452 /* QMCoordinate.swift in Sources */ = {isa = PBXBuildFile; fileRef = 3ABEEAC41CF16B3300190452 /* QMCoordinate.swift */; };
		3ABEEAC71CF16CC900190452 /* QMMap.swift in Sources */ = {isa = PBXBuildFile; fileRef = 3ABEEAC61CF16CC900190452 /* QMMap.swift */; };
		3AC76ACC1C76AFD400B485C9 /* CKCircleLabel.m in Sources */ = {isa = PBXBuildFile; fileRef = 3AC76AC91C76AFD400B485C9 /* CKCircleLabel.m */; };
		3AC76ACD1C76AFD400B485C9 /* CKCircleView.m in Sources */ = {isa = PBXBuildFile; fileRef = 3AC76ACB1C76AFD400B485C9 /* CKCircleView.m */; };
		3ADFE1A01C7A61180041861E /* StepSlider.m in Sources */ = {isa = PBXBuildFile; fileRef = 3ADFE19F1C7A61180041861E /* StepSlider.m */; };
		407F16EA84D1138D273C3DDE /* Pods_KK.framework in Frameworks */ = {isa = PBXBuildFile; fileRef = D06314BA45FF915C58594999 /* Pods_KK.framework */; settings = {ATTRIBUTES = (Weak, ); }; };
/* End PBXBuildFile section */

/* Begin PBXContainerItemProxy section */
		3A8A0B871C72420E006DFAD7 /* PBXContainerItemProxy */ = {
			isa = PBXContainerItemProxy;
			containerPortal = 3A8A0B671C72420E006DFAD7 /* Project object */;
			proxyType = 1;
			remoteGlobalIDString = 3A8A0B6E1C72420E006DFAD7;
			remoteInfo = KK;
		};
/* End PBXContainerItemProxy section */

/* Begin PBXFileReference section */
		3A6AE2B51D9AA56E002DACE6 /* QMProductSum.swift */ = {isa = PBXFileReference; fileEncoding = 4; lastKnownFileType = sourcecode.swift; path = QMProductSum.swift; sourceTree = "<group>"; };
		3A8A0B6F1C72420E006DFAD7 /* KK.app */ = {isa = PBXFileReference; explicitFileType = wrapper.application; includeInIndex = 0; path = KK.app; sourceTree = BUILT_PRODUCTS_DIR; };
		3A8A0B721C72420E006DFAD7 /* AppDelegate.swift */ = {isa = PBXFileReference; lastKnownFileType = sourcecode.swift; path = AppDelegate.swift; sourceTree = "<group>"; };
		3A8A0B741C72420E006DFAD7 /* MenuViewController.swift */ = {isa = PBXFileReference; lastKnownFileType = sourcecode.swift; path = MenuViewController.swift; sourceTree = "<group>"; };
		3A8A0B771C72420E006DFAD7 /* Base */ = {isa = PBXFileReference; lastKnownFileType = file.storyboard; name = Base; path = Base.lproj/Main.storyboard; sourceTree = "<group>"; };
		3A8A0B7A1C72420E006DFAD7 /* KK.xcdatamodel */ = {isa = PBXFileReference; lastKnownFileType = wrapper.xcdatamodel; path = KK.xcdatamodel; sourceTree = "<group>"; };
		3A8A0B7C1C72420E006DFAD7 /* Assets.xcassets */ = {isa = PBXFileReference; lastKnownFileType = folder.assetcatalog; path = Assets.xcassets; sourceTree = "<group>"; };
		3A8A0B7F1C72420E006DFAD7 /* Base */ = {isa = PBXFileReference; lastKnownFileType = file.storyboard; name = Base; path = Base.lproj/LaunchScreen.storyboard; sourceTree = "<group>"; };
		3A8A0B811C72420E006DFAD7 /* Info.plist */ = {isa = PBXFileReference; lastKnownFileType = text.plist.xml; path = Info.plist; sourceTree = "<group>"; };
		3A8A0B861C72420E006DFAD7 /* KKUITests.xctest */ = {isa = PBXFileReference; explicitFileType = wrapper.cfbundle; includeInIndex = 0; path = KKUITests.xctest; sourceTree = BUILT_PRODUCTS_DIR; };
		3A8A0B8A1C72420E006DFAD7 /* KKUITests.swift */ = {isa = PBXFileReference; lastKnownFileType = sourcecode.swift; path = KKUITests.swift; sourceTree = "<group>"; };
		3A8A0B8C1C72420E006DFAD7 /* Info.plist */ = {isa = PBXFileReference; lastKnownFileType = text.plist.xml; path = Info.plist; sourceTree = "<group>"; };
		3A8A0B981C724244006DFAD7 /* QMCore.swift */ = {isa = PBXFileReference; fileEncoding = 4; lastKnownFileType = sourcecode.swift; path = QMCore.swift; sourceTree = "<group>"; };
		3A8A0B9A1C72424E006DFAD7 /* QMMinterm.swift */ = {isa = PBXFileReference; fileEncoding = 4; lastKnownFileType = sourcecode.swift; path = QMMinterm.swift; sourceTree = "<group>"; };
		3A8A0B9C1C724256006DFAD7 /* Extensions.swift */ = {isa = PBXFileReference; fileEncoding = 4; lastKnownFileType = sourcecode.swift; path = Extensions.swift; sourceTree = "<group>"; };
		3A8A0B9F1C72427E006DFAD7 /* UserSession.swift */ = {isa = PBXFileReference; fileEncoding = 4; lastKnownFileType = sourcecode.swift; path = UserSession.swift; sourceTree = "<group>"; };
		3A8A0BA11C724344006DFAD7 /* MapViewController.swift */ = {isa = PBXFileReference; fileEncoding = 4; lastKnownFileType = sourcecode.swift; path = MapViewController.swift; sourceTree = "<group>"; };
		3A8A0BA31C724357006DFAD7 /* ConfigViewController.swift */ = {isa = PBXFileReference; fileEncoding = 4; lastKnownFileType = sourcecode.swift; path = ConfigViewController.swift; sourceTree = "<group>"; };
		3A8A0BA51C724364006DFAD7 /* TutorialViewController.swift */ = {isa = PBXFileReference; fileEncoding = 4; lastKnownFileType = sourcecode.swift; path = TutorialViewController.swift; sourceTree = "<group>"; };
		3A8A0BA71C72438A006DFAD7 /* Map2x2.xib */ = {isa = PBXFileReference; fileEncoding = 4; lastKnownFileType = file.xib; path = Map2x2.xib; sourceTree = "<group>"; };
		3A8A0BA91C7243A1006DFAD7 /* Map2x4.xib */ = {isa = PBXFileReference; fileEncoding = 4; lastKnownFileType = file.xib; path = Map2x4.xib; sourceTree = "<group>"; };
		3A8A0BAB1C7243B1006DFAD7 /* Map4x4.xib */ = {isa = PBXFileReference; fileEncoding = 4; lastKnownFileType = file.xib; path = Map4x4.xib; sourceTree = "<group>"; };
		3A8A0BAD1C7243C0006DFAD7 /* Map4x4_5.xib */ = {isa = PBXFileReference; fileEncoding = 4; lastKnownFileType = file.xib; path = Map4x4_5.xib; sourceTree = "<group>"; };
		3A8A0BB11C7244FF006DFAD7 /* Logo@3.xib */ = {isa = PBXFileReference; fileEncoding = 4; lastKnownFileType = file.xib; path = "Logo@3.xib"; sourceTree = "<group>"; };
		3A8A0BB51C7246DF006DFAD7 /* trench.otf */ = {isa = PBXFileReference; lastKnownFileType = file; path = trench.otf; sourceTree = "<group>"; };
		3A8A0BB61C7246DF006DFAD7 /* Lantinghei.ttc */ = {isa = PBXFileReference; lastKnownFileType = file; path = Lantinghei.ttc; sourceTree = "<group>"; };
		3A8A0BB71C7246DF006DFAD7 /* PEPSI_pl.ttf */ = {isa = PBXFileReference; lastKnownFileType = file; path = PEPSI_pl.ttf; sourceTree = "<group>"; };
		3A8A0BBB1C724893006DFAD7 /* LogoView.swift */ = {isa = PBXFileReference; fileEncoding = 4; lastKnownFileType = sourcecode.swift; path = LogoView.swift; sourceTree = "<group>"; };
		3A8A0BBD1C7249D7006DFAD7 /* MapView.swift */ = {isa = PBXFileReference; fileEncoding = 4; lastKnownFileType = sourcecode.swift; path = MapView.swift; sourceTree = "<group>"; };
		3A8F86051C740F63001231B5 /* Logo@2.xib */ = {isa = PBXFileReference; fileEncoding = 4; lastKnownFileType = file.xib; path = "Logo@2.xib"; sourceTree = "<group>"; };
		3A8FDD911C753B930007CF02 /* MeshView.swift */ = {isa = PBXFileReference; fileEncoding = 4; lastKnownFileType = sourcecode.swift; path = MeshView.swift; sourceTree = "<group>"; };
		3ABEEABF1CF0E6EA00190452 /* Constants.swift */ = {isa = PBXFileReference; fileEncoding = 4; lastKnownFileType = sourcecode.swift; path = Constants.swift; sourceTree = "<group>"; };
		3ABEEAC21CF0FFF900190452 /* StoryBoardManager.swift */ = {isa = PBXFileReference; fileEncoding = 4; lastKnownFileType = sourcecode.swift; path = StoryBoardManager.swift; sourceTree = "<group>"; };
		3ABEEAC41CF16B3300190452 /* QMCoordinate.swift */ = {isa = PBXFileReference; fileEncoding = 4; lastKnownFileType = sourcecode.swift; path = QMCoordinate.swift; sourceTree = "<group>"; };
		3ABEEAC61CF16CC900190452 /* QMMap.swift */ = {isa = PBXFileReference; fileEncoding = 4; lastKnownFileType = sourcecode.swift; path = QMMap.swift; sourceTree = "<group>"; };
		3AC76AC51C76AF1100B485C9 /* KK-Bridging-Header.h */ = {isa = PBXFileReference; lastKnownFileType = sourcecode.c.h; path = "KK-Bridging-Header.h"; sourceTree = "<group>"; };
		3AC76AC81C76AFD400B485C9 /* CKCircleLabel.h */ = {isa = PBXFileReference; fileEncoding = 4; lastKnownFileType = sourcecode.c.h; path = CKCircleLabel.h; sourceTree = "<group>"; };
		3AC76AC91C76AFD400B485C9 /* CKCircleLabel.m */ = {isa = PBXFileReference; fileEncoding = 4; lastKnownFileType = sourcecode.c.objc; path = CKCircleLabel.m; sourceTree = "<group>"; };
		3AC76ACA1C76AFD400B485C9 /* CKCircleView.h */ = {isa = PBXFileReference; fileEncoding = 4; lastKnownFileType = sourcecode.c.h; path = CKCircleView.h; sourceTree = "<group>"; };
		3AC76ACB1C76AFD400B485C9 /* CKCircleView.m */ = {isa = PBXFileReference; fileEncoding = 4; lastKnownFileType = sourcecode.c.objc; path = CKCircleView.m; sourceTree = "<group>"; };
		3ADFE19E1C7A61180041861E /* StepSlider.h */ = {isa = PBXFileReference; fileEncoding = 4; lastKnownFileType = sourcecode.c.h; path = StepSlider.h; sourceTree = "<group>"; };
		3ADFE19F1C7A61180041861E /* StepSlider.m */ = {isa = PBXFileReference; fileEncoding = 4; lastKnownFileType = sourcecode.c.objc; path = StepSlider.m; sourceTree = "<group>"; };
		D06314BA45FF915C58594999 /* Pods_KK.framework */ = {isa = PBXFileReference; explicitFileType = wrapper.framework; includeInIndex = 0; path = Pods_KK.framework; sourceTree = BUILT_PRODUCTS_DIR; };
		DECF578CD5CA6C00A4863356 /* Pods-KK.release.xcconfig */ = {isa = PBXFileReference; includeInIndex = 1; lastKnownFileType = text.xcconfig; name = "Pods-KK.release.xcconfig"; path = "Pods/Target Support Files/Pods-KK/Pods-KK.release.xcconfig"; sourceTree = "<group>"; };
		FE8E50A0275A84C0E107C266 /* Pods-KK.debug.xcconfig */ = {isa = PBXFileReference; includeInIndex = 1; lastKnownFileType = text.xcconfig; name = "Pods-KK.debug.xcconfig"; path = "Pods/Target Support Files/Pods-KK/Pods-KK.debug.xcconfig"; sourceTree = "<group>"; };
/* End PBXFileReference section */

/* Begin PBXFrameworksBuildPhase section */
		3A8A0B6C1C72420E006DFAD7 /* Frameworks */ = {
			isa = PBXFrameworksBuildPhase;
			buildActionMask = 2147483647;
			files = (
				407F16EA84D1138D273C3DDE /* Pods_KK.framework in Frameworks */,
			);
			runOnlyForDeploymentPostprocessing = 0;
		};
		3A8A0B831C72420E006DFAD7 /* Frameworks */ = {
			isa = PBXFrameworksBuildPhase;
			buildActionMask = 2147483647;
			files = (
			);
			runOnlyForDeploymentPostprocessing = 0;
		};
/* End PBXFrameworksBuildPhase section */

/* Begin PBXGroup section */
		3A8A0B661C72420E006DFAD7 = {
			isa = PBXGroup;
			children = (
				3A8A0B711C72420E006DFAD7 /* KK */,
				3A8A0B891C72420E006DFAD7 /* KKUITests */,
				3A8A0B701C72420E006DFAD7 /* Products */,
				445E69235B0582E91A0BFC6B /* Pods */,
				4F744B169AF0F337FC41BA0F /* Frameworks */,
			);
			sourceTree = "<group>";
		};
		3A8A0B701C72420E006DFAD7 /* Products */ = {
			isa = PBXGroup;
			children = (
				3A8A0B6F1C72420E006DFAD7 /* KK.app */,
				3A8A0B861C72420E006DFAD7 /* KKUITests.xctest */,
			);
			name = Products;
			sourceTree = "<group>";
		};
		3A8A0B711C72420E006DFAD7 /* KK */ = {
			isa = PBXGroup;
			children = (
				3AC76AC51C76AF1100B485C9 /* KK-Bridging-Header.h */,
				3A8A0BB31C724640006DFAD7 /* Resources */,
				3A8A0B9E1C72425A006DFAD7 /* Common */,
				3A8A0B971C72422E006DFAD7 /* Views */,
				3A8A0B961C724227006DFAD7 /* QM */,
				3A8A0B951C724215006DFAD7 /* View Controllers */,
				3A8A0B721C72420E006DFAD7 /* AppDelegate.swift */,
				3A8A0B761C72420E006DFAD7 /* Main.storyboard */,
				3A8A0B7C1C72420E006DFAD7 /* Assets.xcassets */,
				3A8A0B7E1C72420E006DFAD7 /* LaunchScreen.storyboard */,
				3A8A0B811C72420E006DFAD7 /* Info.plist */,
				3A8A0B791C72420E006DFAD7 /* KK.xcdatamodeld */,
			);
			path = KK;
			sourceTree = "<group>";
		};
		3A8A0B891C72420E006DFAD7 /* KKUITests */ = {
			isa = PBXGroup;
			children = (
				3A8A0B8A1C72420E006DFAD7 /* KKUITests.swift */,
				3A8A0B8C1C72420E006DFAD7 /* Info.plist */,
			);
			path = KKUITests;
			sourceTree = "<group>";
		};
		3A8A0B951C724215006DFAD7 /* View Controllers */ = {
			isa = PBXGroup;
			children = (
				3A8A0B741C72420E006DFAD7 /* MenuViewController.swift */,
				3A8A0BA11C724344006DFAD7 /* MapViewController.swift */,
				3A8A0BA31C724357006DFAD7 /* ConfigViewController.swift */,
				3A8A0BA51C724364006DFAD7 /* TutorialViewController.swift */,
			);
			name = "View Controllers";
			sourceTree = "<group>";
		};
		3A8A0B961C724227006DFAD7 /* QM */ = {
			isa = PBXGroup;
			children = (
				3A8A0B981C724244006DFAD7 /* QMCore.swift */,
				3A6AE2B51D9AA56E002DACE6 /* QMProductSum.swift */,
				3A8A0B9A1C72424E006DFAD7 /* QMMinterm.swift */,
				3ABEEAC41CF16B3300190452 /* QMCoordinate.swift */,
				3ABEEAC61CF16CC900190452 /* QMMap.swift */,
			);
			name = QM;
			sourceTree = "<group>";
		};
		3A8A0B971C72422E006DFAD7 /* Views */ = {
			isa = PBXGroup;
			children = (
				3ADFE19D1C7A61000041861E /* StepSlider-objc */,
				3A8BF5031C758B1D00732C93 /* CKCircleView-objc */,
				3A8A0BBD1C7249D7006DFAD7 /* MapView.swift */,
				3A8FDD911C753B930007CF02 /* MeshView.swift */,
				3A8A0BBB1C724893006DFAD7 /* LogoView.swift */,
				3A8A0BB01C7244EF006DFAD7 /* Labels */,
				3A8A0BAF1C7244E5006DFAD7 /* Maps */,
			);
			name = Views;
			sourceTree = "<group>";
		};
		3A8A0B9E1C72425A006DFAD7 /* Common */ = {
			isa = PBXGroup;
			children = (
				3ABEEAC11CF0FFE000190452 /* Singletons */,
				3A8A0B9C1C724256006DFAD7 /* Extensions.swift */,
				3ABEEABF1CF0E6EA00190452 /* Constants.swift */,
				3A8A0B9F1C72427E006DFAD7 /* UserSession.swift */,
			);
			name = Common;
			sourceTree = "<group>";
		};
		3A8A0BAF1C7244E5006DFAD7 /* Maps */ = {
			isa = PBXGroup;
			children = (
				3A8A0BA71C72438A006DFAD7 /* Map2x2.xib */,
				3A8A0BA91C7243A1006DFAD7 /* Map2x4.xib */,
				3A8A0BAB1C7243B1006DFAD7 /* Map4x4.xib */,
				3A8A0BAD1C7243C0006DFAD7 /* Map4x4_5.xib */,
			);
			name = Maps;
			sourceTree = "<group>";
		};
		3A8A0BB01C7244EF006DFAD7 /* Labels */ = {
			isa = PBXGroup;
			children = (
				3A8A0BB11C7244FF006DFAD7 /* Logo@3.xib */,
				3A8F86051C740F63001231B5 /* Logo@2.xib */,
			);
			name = Labels;
			sourceTree = "<group>";
		};
		3A8A0BB31C724640006DFAD7 /* Resources */ = {
			isa = PBXGroup;
			children = (
				3A8A0BB41C72464E006DFAD7 /* Fonts */,
			);
			name = Resources;
			sourceTree = "<group>";
		};
		3A8A0BB41C72464E006DFAD7 /* Fonts */ = {
			isa = PBXGroup;
			children = (
				3A8A0BB51C7246DF006DFAD7 /* trench.otf */,
				3A8A0BB61C7246DF006DFAD7 /* Lantinghei.ttc */,
				3A8A0BB71C7246DF006DFAD7 /* PEPSI_pl.ttf */,
			);
			name = Fonts;
			sourceTree = "<group>";
		};
		3A8BF5031C758B1D00732C93 /* CKCircleView-objc */ = {
			isa = PBXGroup;
			children = (
				3AC76AC81C76AFD400B485C9 /* CKCircleLabel.h */,
				3AC76AC91C76AFD400B485C9 /* CKCircleLabel.m */,
				3AC76ACA1C76AFD400B485C9 /* CKCircleView.h */,
				3AC76ACB1C76AFD400B485C9 /* CKCircleView.m */,
			);
			name = "CKCircleView-objc";
			sourceTree = "<group>";
		};
		3ABEEAC11CF0FFE000190452 /* Singletons */ = {
			isa = PBXGroup;
			children = (
				3ABEEAC21CF0FFF900190452 /* StoryBoardManager.swift */,
			);
			name = Singletons;
			sourceTree = "<group>";
		};
		3ADFE19D1C7A61000041861E /* StepSlider-objc */ = {
			isa = PBXGroup;
			children = (
				3ADFE19E1C7A61180041861E /* StepSlider.h */,
				3ADFE19F1C7A61180041861E /* StepSlider.m */,
			);
			name = "StepSlider-objc";
			sourceTree = "<group>";
		};
		445E69235B0582E91A0BFC6B /* Pods */ = {
			isa = PBXGroup;
			children = (
				FE8E50A0275A84C0E107C266 /* Pods-KK.debug.xcconfig */,
				DECF578CD5CA6C00A4863356 /* Pods-KK.release.xcconfig */,
			);
			name = Pods;
			sourceTree = "<group>";
		};
		4F744B169AF0F337FC41BA0F /* Frameworks */ = {
			isa = PBXGroup;
			children = (
				D06314BA45FF915C58594999 /* Pods_KK.framework */,
			);
			name = Frameworks;
			sourceTree = "<group>";
		};
/* End PBXGroup section */

/* Begin PBXNativeTarget section */
		3A8A0B6E1C72420E006DFAD7 /* KK */ = {
			isa = PBXNativeTarget;
			buildConfigurationList = 3A8A0B8F1C72420E006DFAD7 /* Build configuration list for PBXNativeTarget "KK" */;
			buildPhases = (
				C98C013E9D101F4D4136119F /* Check Pods Manifest.lock */,
				3A8A0B6B1C72420E006DFAD7 /* Sources */,
				3A8A0B6C1C72420E006DFAD7 /* Frameworks */,
				3A8A0B6D1C72420E006DFAD7 /* Resources */,
				F2122ABD531F0FC8EC329C45 /* Embed Pods Frameworks */,
				822EC4B5EF3D0F2EDF2E155F /* Copy Pods Resources */,
			);
			buildRules = (
			);
			dependencies = (
			);
			name = KK;
			productName = KK;
			productReference = 3A8A0B6F1C72420E006DFAD7 /* KK.app */;
			productType = "com.apple.product-type.application";
		};
		3A8A0B851C72420E006DFAD7 /* KKUITests */ = {
			isa = PBXNativeTarget;
			buildConfigurationList = 3A8A0B921C72420E006DFAD7 /* Build configuration list for PBXNativeTarget "KKUITests" */;
			buildPhases = (
				3A8A0B821C72420E006DFAD7 /* Sources */,
				3A8A0B831C72420E006DFAD7 /* Frameworks */,
				3A8A0B841C72420E006DFAD7 /* Resources */,
			);
			buildRules = (
			);
			dependencies = (
				3A8A0B881C72420E006DFAD7 /* PBXTargetDependency */,
			);
			name = KKUITests;
			productName = KKUITests;
			productReference = 3A8A0B861C72420E006DFAD7 /* KKUITests.xctest */;
			productType = "com.apple.product-type.bundle.ui-testing";
		};
/* End PBXNativeTarget section */

/* Begin PBXProject section */
		3A8A0B671C72420E006DFAD7 /* Project object */ = {
			isa = PBXProject;
			attributes = {
				LastSwiftUpdateCheck = 0720;
				LastUpgradeCheck = 0800;
				ORGANIZATIONNAME = "Lex Levi";
				TargetAttributes = {
					3A8A0B6E1C72420E006DFAD7 = {
						CreatedOnToolsVersion = 7.2;
						DevelopmentTeam = 4SB3F2S2K3;
						LastSwiftMigration = 0800;
					};
					3A8A0B851C72420E006DFAD7 = {
						CreatedOnToolsVersion = 7.2;
						DevelopmentTeam = K7Z768Y9KY;
						LastSwiftMigration = 0800;
						TestTargetID = 3A8A0B6E1C72420E006DFAD7;
					};
				};
			};
			buildConfigurationList = 3A8A0B6A1C72420E006DFAD7 /* Build configuration list for PBXProject "KK" */;
			compatibilityVersion = "Xcode 3.2";
			developmentRegion = English;
			hasScannedForEncodings = 0;
			knownRegions = (
				en,
				Base,
			);
			mainGroup = 3A8A0B661C72420E006DFAD7;
			productRefGroup = 3A8A0B701C72420E006DFAD7 /* Products */;
			projectDirPath = "";
			projectRoot = "";
			targets = (
				3A8A0B6E1C72420E006DFAD7 /* KK */,
				3A8A0B851C72420E006DFAD7 /* KKUITests */,
			);
		};
/* End PBXProject section */

/* Begin PBXResourcesBuildPhase section */
		3A8A0B6D1C72420E006DFAD7 /* Resources */ = {
			isa = PBXResourcesBuildPhase;
			buildActionMask = 2147483647;
			files = (
				3A8A0BB81C724721006DFAD7 /* trench.otf in Resources */,
				3A8A0BB91C724721006DFAD7 /* Lantinghei.ttc in Resources */,
				3A8F86061C740F63001231B5 /* Logo@2.xib in Resources */,
				3A8A0BBA1C724721006DFAD7 /* PEPSI_pl.ttf in Resources */,
				3A8A0B801C72420E006DFAD7 /* LaunchScreen.storyboard in Resources */,
				3A8A0B7D1C72420E006DFAD7 /* Assets.xcassets in Resources */,
				3A8A0BB21C7244FF006DFAD7 /* Logo@3.xib in Resources */,
				3A8A0BA81C72438A006DFAD7 /* Map2x2.xib in Resources */,
				3A8A0BAC1C7243B1006DFAD7 /* Map4x4.xib in Resources */,
				3A8A0B781C72420E006DFAD7 /* Main.storyboard in Resources */,
				3A8A0BAA1C7243A1006DFAD7 /* Map2x4.xib in Resources */,
				3A8A0BAE1C7243C0006DFAD7 /* Map4x4_5.xib in Resources */,
			);
			runOnlyForDeploymentPostprocessing = 0;
		};
		3A8A0B841C72420E006DFAD7 /* Resources */ = {
			isa = PBXResourcesBuildPhase;
			buildActionMask = 2147483647;
			files = (
			);
			runOnlyForDeploymentPostprocessing = 0;
		};
/* End PBXResourcesBuildPhase section */

/* Begin PBXShellScriptBuildPhase section */
		822EC4B5EF3D0F2EDF2E155F /* Copy Pods Resources */ = {
			isa = PBXShellScriptBuildPhase;
			buildActionMask = 2147483647;
			files = (
			);
			inputPaths = (
			);
			name = "Copy Pods Resources";
			outputPaths = (
			);
			runOnlyForDeploymentPostprocessing = 0;
			shellPath = /bin/sh;
			shellScript = "\"${SRCROOT}/Pods/Target Support Files/Pods-KK/Pods-KK-resources.sh\"\n";
			showEnvVarsInLog = 0;
		};
		C98C013E9D101F4D4136119F /* Check Pods Manifest.lock */ = {
			isa = PBXShellScriptBuildPhase;
			buildActionMask = 2147483647;
			files = (
			);
			inputPaths = (
			);
			name = "Check Pods Manifest.lock";
			outputPaths = (
			);
			runOnlyForDeploymentPostprocessing = 0;
			shellPath = /bin/sh;
			shellScript = "diff \"${PODS_ROOT}/../Podfile.lock\" \"${PODS_ROOT}/Manifest.lock\" > /dev/null\nif [[ $? != 0 ]] ; then\n    cat << EOM\nerror: The sandbox is not in sync with the Podfile.lock. Run 'pod install' or update your CocoaPods installation.\nEOM\n    exit 1\nfi\n";
			showEnvVarsInLog = 0;
		};
		F2122ABD531F0FC8EC329C45 /* Embed Pods Frameworks */ = {
			isa = PBXShellScriptBuildPhase;
			buildActionMask = 2147483647;
			files = (
			);
			inputPaths = (
			);
			name = "Embed Pods Frameworks";
			outputPaths = (
			);
			runOnlyForDeploymentPostprocessing = 0;
			shellPath = /bin/sh;
			shellScript = "\"${SRCROOT}/Pods/Target Support Files/Pods-KK/Pods-KK-frameworks.sh\"\n";
			showEnvVarsInLog = 0;
		};
/* End PBXShellScriptBuildPhase section */

/* Begin PBXSourcesBuildPhase section */
		3A8A0B6B1C72420E006DFAD7 /* Sources */ = {
			isa = PBXSourcesBuildPhase;
			buildActionMask = 2147483647;
			files = (
				3AC76ACC1C76AFD400B485C9 /* CKCircleLabel.m in Sources */,
				3ABEEAC01CF0E6EA00190452 /* Constants.swift in Sources */,
				3ABEEAC31CF0FFF900190452 /* StoryBoardManager.swift in Sources */,
				3A8A0B751C72420E006DFAD7 /* MenuViewController.swift in Sources */,
				3A8FDD921C753B930007CF02 /* MeshView.swift in Sources */,
				3A8A0BBE1C7249D7006DFAD7 /* MapView.swift in Sources */,
				3ABEEAC71CF16CC900190452 /* QMMap.swift in Sources */,
				3AC76ACD1C76AFD400B485C9 /* CKCircleView.m in Sources */,
				3A8A0B9D1C724256006DFAD7 /* Extensions.swift in Sources */,
				3ADFE1A01C7A61180041861E /* StepSlider.m in Sources */,
				3A8A0BBC1C724893006DFAD7 /* LogoView.swift in Sources */,
				3A8A0BA61C724364006DFAD7 /* TutorialViewController.swift in Sources */,
				3A8A0B7B1C72420E006DFAD7 /* KK.xcdatamodeld in Sources */,
				3A8A0BA01C72427E006DFAD7 /* UserSession.swift in Sources */,
				3A8A0B991C724244006DFAD7 /* QMCore.swift in Sources */,
				3ABEEAC51CF16B3300190452 /* QMCoordinate.swift in Sources */,
				3A6AE2B61D9AA56E002DACE6 /* QMProductSum.swift in Sources */,
				3A8A0B9B1C72424E006DFAD7 /* QMMinterm.swift in Sources */,
				3A8A0B731C72420E006DFAD7 /* AppDelegate.swift in Sources */,
				3A8A0BA21C724344006DFAD7 /* MapViewController.swift in Sources */,
				3A8A0BA41C724357006DFAD7 /* ConfigViewController.swift in Sources */,
			);
			runOnlyForDeploymentPostprocessing = 0;
		};
		3A8A0B821C72420E006DFAD7 /* Sources */ = {
			isa = PBXSourcesBuildPhase;
			buildActionMask = 2147483647;
			files = (
				3A39579E1C8643A0006079F6 /* QMCore.swift in Sources */,
				3A8A0B8B1C72420E006DFAD7 /* KKUITests.swift in Sources */,
			);
			runOnlyForDeploymentPostprocessing = 0;
		};
/* End PBXSourcesBuildPhase section */

/* Begin PBXTargetDependency section */
		3A8A0B881C72420E006DFAD7 /* PBXTargetDependency */ = {
			isa = PBXTargetDependency;
			target = 3A8A0B6E1C72420E006DFAD7 /* KK */;
			targetProxy = 3A8A0B871C72420E006DFAD7 /* PBXContainerItemProxy */;
		};
/* End PBXTargetDependency section */

/* Begin PBXVariantGroup section */
		3A8A0B761C72420E006DFAD7 /* Main.storyboard */ = {
			isa = PBXVariantGroup;
			children = (
				3A8A0B771C72420E006DFAD7 /* Base */,
			);
			name = Main.storyboard;
			sourceTree = "<group>";
		};
		3A8A0B7E1C72420E006DFAD7 /* LaunchScreen.storyboard */ = {
			isa = PBXVariantGroup;
			children = (
				3A8A0B7F1C72420E006DFAD7 /* Base */,
			);
			name = LaunchScreen.storyboard;
			sourceTree = "<group>";
		};
/* End PBXVariantGroup section */

/* Begin XCBuildConfiguration section */
		3A8A0B8D1C72420E006DFAD7 /* Debug */ = {
			isa = XCBuildConfiguration;
			buildSettings = {
				ALWAYS_SEARCH_USER_PATHS = NO;
				CLANG_CXX_LANGUAGE_STANDARD = "gnu++0x";
				CLANG_CXX_LIBRARY = "libc++";
				CLANG_ENABLE_MODULES = YES;
				CLANG_ENABLE_OBJC_ARC = YES;
				CLANG_WARN_BOOL_CONVERSION = YES;
				CLANG_WARN_CONSTANT_CONVERSION = YES;
				CLANG_WARN_DIRECT_OBJC_ISA_USAGE = YES_ERROR;
				CLANG_WARN_EMPTY_BODY = YES;
				CLANG_WARN_ENUM_CONVERSION = YES;
				CLANG_WARN_INFINITE_RECURSION = YES;
				CLANG_WARN_INT_CONVERSION = YES;
				CLANG_WARN_OBJC_ROOT_CLASS = YES_ERROR;
				CLANG_WARN_SUSPICIOUS_MOVE = YES;
				CLANG_WARN_UNREACHABLE_CODE = YES;
				CLANG_WARN__DUPLICATE_METHOD_MATCH = YES;
				"CODE_SIGN_IDENTITY[sdk=iphoneos*]" = "iPhone Developer";
				COPY_PHASE_STRIP = NO;
				DEBUG_INFORMATION_FORMAT = dwarf;
				ENABLE_STRICT_OBJC_MSGSEND = YES;
				ENABLE_TESTABILITY = YES;
				GCC_C_LANGUAGE_STANDARD = gnu99;
				GCC_DYNAMIC_NO_PIC = NO;
				GCC_NO_COMMON_BLOCKS = YES;
				GCC_OPTIMIZATION_LEVEL = 0;
				GCC_PREPROCESSOR_DEFINITIONS = (
					"DEBUG=1",
					"$(inherited)",
				);
				GCC_WARN_64_TO_32_BIT_CONVERSION = YES;
				GCC_WARN_ABOUT_RETURN_TYPE = YES_ERROR;
				GCC_WARN_UNDECLARED_SELECTOR = YES;
				GCC_WARN_UNINITIALIZED_AUTOS = YES_AGGRESSIVE;
				GCC_WARN_UNUSED_FUNCTION = YES;
				GCC_WARN_UNUSED_VARIABLE = YES;
				IPHONEOS_DEPLOYMENT_TARGET = 9.2;
				MTL_ENABLE_DEBUG_INFO = YES;
				ONLY_ACTIVE_ARCH = YES;
				SDKROOT = iphoneos;
				SWIFT_OPTIMIZATION_LEVEL = "-Onone";
			};
			name = Debug;
		};
		3A8A0B8E1C72420E006DFAD7 /* Release */ = {
			isa = XCBuildConfiguration;
			buildSettings = {
				ALWAYS_SEARCH_USER_PATHS = NO;
				CLANG_CXX_LANGUAGE_STANDARD = "gnu++0x";
				CLANG_CXX_LIBRARY = "libc++";
				CLANG_ENABLE_MODULES = YES;
				CLANG_ENABLE_OBJC_ARC = YES;
				CLANG_WARN_BOOL_CONVERSION = YES;
				CLANG_WARN_CONSTANT_CONVERSION = YES;
				CLANG_WARN_DIRECT_OBJC_ISA_USAGE = YES_ERROR;
				CLANG_WARN_EMPTY_BODY = YES;
				CLANG_WARN_ENUM_CONVERSION = YES;
				CLANG_WARN_INFINITE_RECURSION = YES;
				CLANG_WARN_INT_CONVERSION = YES;
				CLANG_WARN_OBJC_ROOT_CLASS = YES_ERROR;
				CLANG_WARN_SUSPICIOUS_MOVE = YES;
				CLANG_WARN_UNREACHABLE_CODE = YES;
				CLANG_WARN__DUPLICATE_METHOD_MATCH = YES;
				"CODE_SIGN_IDENTITY[sdk=iphoneos*]" = "iPhone Developer";
				COPY_PHASE_STRIP = NO;
				DEBUG_INFORMATION_FORMAT = "dwarf-with-dsym";
				ENABLE_NS_ASSERTIONS = NO;
				ENABLE_STRICT_OBJC_MSGSEND = YES;
				GCC_C_LANGUAGE_STANDARD = gnu99;
				GCC_NO_COMMON_BLOCKS = YES;
				GCC_WARN_64_TO_32_BIT_CONVERSION = YES;
				GCC_WARN_ABOUT_RETURN_TYPE = YES_ERROR;
				GCC_WARN_UNDECLARED_SELECTOR = YES;
				GCC_WARN_UNINITIALIZED_AUTOS = YES_AGGRESSIVE;
				GCC_WARN_UNUSED_FUNCTION = YES;
				GCC_WARN_UNUSED_VARIABLE = YES;
				IPHONEOS_DEPLOYMENT_TARGET = 9.2;
				MTL_ENABLE_DEBUG_INFO = NO;
				SDKROOT = iphoneos;
				SWIFT_OPTIMIZATION_LEVEL = "-Owholemodule";
				VALIDATE_PRODUCT = YES;
			};
			name = Release;
		};
		3A8A0B901C72420E006DFAD7 /* Debug */ = {
			isa = XCBuildConfiguration;
			baseConfigurationReference = FE8E50A0275A84C0E107C266 /* Pods-KK.debug.xcconfig */;
			buildSettings = {
				ASSETCATALOG_COMPILER_APPICON_NAME = AppIcon;
				CODE_SIGN_IDENTITY = "iPhone Developer";
				"CODE_SIGN_IDENTITY[sdk=iphoneos*]" = "iPhone Developer";
				INFOPLIST_FILE = KK/Info.plist;
				LD_RUNPATH_SEARCH_PATHS = "$(inherited) @executable_path/Frameworks";
				PRODUCT_BUNDLE_IDENTIFIER = com.KK;
				PRODUCT_NAME = "$(TARGET_NAME)";
				PROVISIONING_PROFILE = "";
				SWIFT_OBJC_BRIDGING_HEADER = "./KK/KK-Bridging-Header.h";
				SWIFT_VERSION = 2.3;
			};
			name = Debug;
		};
		3A8A0B911C72420E006DFAD7 /* Release */ = {
			isa = XCBuildConfiguration;
			baseConfigurationReference = DECF578CD5CA6C00A4863356 /* Pods-KK.release.xcconfig */;
			buildSettings = {
				ASSETCATALOG_COMPILER_APPICON_NAME = AppIcon;
				CODE_SIGN_IDENTITY = "iPhone Developer";
				"CODE_SIGN_IDENTITY[sdk=iphoneos*]" = "iPhone Developer";
				INFOPLIST_FILE = KK/Info.plist;
				LD_RUNPATH_SEARCH_PATHS = "$(inherited) @executable_path/Frameworks";
				PRODUCT_BUNDLE_IDENTIFIER = com.KK;
				PRODUCT_NAME = "$(TARGET_NAME)";
				PROVISIONING_PROFILE = "";
				SWIFT_OBJC_BRIDGING_HEADER = "./KK/KK-Bridging-Header.h";
				SWIFT_VERSION = 2.3;
			};
			name = Release;
		};
		3A8A0B931C72420E006DFAD7 /* Debug */ = {
			isa = XCBuildConfiguration;
			buildSettings = {
				INFOPLIST_FILE = KKUITests/Info.plist;
				LD_RUNPATH_SEARCH_PATHS = "$(inherited) @executable_path/Frameworks @loader_path/Frameworks";
				PRODUCT_BUNDLE_IDENTIFIER = com.KKUITests;
				PRODUCT_NAME = "$(TARGET_NAME)";
				SWIFT_VERSION = 2.3;
				TEST_TARGET_NAME = KK;
				USES_XCTRUNNER = YES;
			};
			name = Debug;
		};
		3A8A0B941C72420E006DFAD7 /* Release */ = {
			isa = XCBuildConfiguration;
			buildSettings = {
				INFOPLIST_FILE = KKUITests/Info.plist;
				LD_RUNPATH_SEARCH_PATHS = "$(inherited) @executable_path/Frameworks @loader_path/Frameworks";
				PRODUCT_BUNDLE_IDENTIFIER = com.KKUITests;
				PRODUCT_NAME = "$(TARGET_NAME)";
				SWIFT_VERSION = 2.3;
				TEST_TARGET_NAME = KK;
				USES_XCTRUNNER = YES;
			};
			name = Release;
		};
/* End XCBuildConfiguration section */

/* Begin XCConfigurationList section */
		3A8A0B6A1C72420E006DFAD7 /* Build configuration list for PBXProject "KK" */ = {
			isa = XCConfigurationList;
			buildConfigurations = (
				3A8A0B8D1C72420E006DFAD7 /* Debug */,
				3A8A0B8E1C72420E006DFAD7 /* Release */,
			);
			defaultConfigurationIsVisible = 0;
			defaultConfigurationName = Release;
		};
		3A8A0B8F1C72420E006DFAD7 /* Build configuration list for PBXNativeTarget "KK" */ = {
			isa = XCConfigurationList;
			buildConfigurations = (
				3A8A0B901C72420E006DFAD7 /* Debug */,
				3A8A0B911C72420E006DFAD7 /* Release */,
			);
			defaultConfigurationIsVisible = 0;
			defaultConfigurationName = Release;
		};
		3A8A0B921C72420E006DFAD7 /* Build configuration list for PBXNativeTarget "KKUITests" */ = {
			isa = XCConfigurationList;
			buildConfigurations = (
				3A8A0B931C72420E006DFAD7 /* Debug */,
				3A8A0B941C72420E006DFAD7 /* Release */,
			);
			defaultConfigurationIsVisible = 0;
			defaultConfigurationName = Release;
		};
/* End XCConfigurationList section */

/* Begin XCVersionGroup section */
		3A8A0B791C72420E006DFAD7 /* KK.xcdatamodeld */ = {
			isa = XCVersionGroup;
			children = (
				3A8A0B7A1C72420E006DFAD7 /* KK.xcdatamodel */,
			);
			currentVersion = 3A8A0B7A1C72420E006DFAD7 /* KK.xcdatamodel */;
			path = KK.xcdatamodeld;
			sourceTree = "<group>";
			versionGroupType = wrapper.xcdatamodel;
		};
/* End XCVersionGroup section */
	};
	rootObject = 3A8A0B671C72420E006DFAD7 /* Project object */;
}
