<?xml version="1.0" encoding="UTF-8"?>
<!DOCTYPE plist PUBLIC "-//Apple//DTD PLIST 1.0//EN" "http://www.apple.com/DTDs/PropertyList-1.0.dtd">
<plist version="1.0">
<dict>
	<key>archiveVersion</key>
	<string>1</string>
	<key>classes</key>
	<dict/>
	<key>objectVersion</key>
	<string>46</string>
	<key>objects</key>
	<dict>
		<key>3A39579E1C8643A0006079F6</key>
		<dict>
			<key>fileRef</key>
			<string>3A8A0B981C724244006DFAD7</string>
			<key>isa</key>
			<string>PBXBuildFile</string>
		</dict>
		<key>3A8A0B661C72420E006DFAD7</key>
		<dict>
			<key>children</key>
			<array>
				<string>3A8A0B711C72420E006DFAD7</string>
				<string>3A8A0B891C72420E006DFAD7</string>
				<string>3A8A0B701C72420E006DFAD7</string>
				<string>445E69235B0582E91A0BFC6B</string>
				<string>4F744B169AF0F337FC41BA0F</string>
			</array>
			<key>isa</key>
			<string>PBXGroup</string>
			<key>sourceTree</key>
			<string>&lt;group&gt;</string>
		</dict>
		<key>3A8A0B671C72420E006DFAD7</key>
		<dict>
			<key>attributes</key>
			<dict>
				<key>LastSwiftUpdateCheck</key>
				<string>0720</string>
				<key>LastUpgradeCheck</key>
				<string>0800</string>
				<key>ORGANIZATIONNAME</key>
				<string>Lex Levi</string>
				<key>TargetAttributes</key>
				<dict>
					<key>3A8A0B6E1C72420E006DFAD7</key>
					<dict>
						<key>CreatedOnToolsVersion</key>
						<string>7.2</string>
						<key>DevelopmentTeam</key>
						<string>4SB3F2S2K3</string>
						<key>LastSwiftMigration</key>
						<string>0800</string>
					</dict>
					<key>3A8A0B851C72420E006DFAD7</key>
					<dict>
						<key>CreatedOnToolsVersion</key>
						<string>7.2</string>
						<key>DevelopmentTeam</key>
						<string>K7Z768Y9KY</string>
						<key>LastSwiftMigration</key>
						<string>0800</string>
						<key>TestTargetID</key>
						<string>3A8A0B6E1C72420E006DFAD7</string>
					</dict>
				</dict>
			</dict>
			<key>buildConfigurationList</key>
			<string>3A8A0B6A1C72420E006DFAD7</string>
			<key>compatibilityVersion</key>
			<string>Xcode 3.2</string>
			<key>developmentRegion</key>
			<string>English</string>
			<key>hasScannedForEncodings</key>
			<string>0</string>
			<key>isa</key>
			<string>PBXProject</string>
			<key>knownRegions</key>
			<array>
				<string>en</string>
				<string>Base</string>
			</array>
			<key>mainGroup</key>
			<string>3A8A0B661C72420E006DFAD7</string>
			<key>productRefGroup</key>
			<string>3A8A0B701C72420E006DFAD7</string>
			<key>projectDirPath</key>
			<string></string>
			<key>projectReferences</key>
			<array/>
			<key>projectRoot</key>
			<string></string>
			<key>targets</key>
			<array>
				<string>3A8A0B6E1C72420E006DFAD7</string>
				<string>3A8A0B851C72420E006DFAD7</string>
			</array>
		</dict>
		<key>3A8A0B6A1C72420E006DFAD7</key>
		<dict>
			<key>buildConfigurations</key>
			<array>
				<string>3A8A0B8D1C72420E006DFAD7</string>
				<string>3A8A0B8E1C72420E006DFAD7</string>
			</array>
			<key>defaultConfigurationIsVisible</key>
			<string>0</string>
			<key>defaultConfigurationName</key>
			<string>Release</string>
			<key>isa</key>
			<string>XCConfigurationList</string>
		</dict>
		<key>3A8A0B6B1C72420E006DFAD7</key>
		<dict>
			<key>buildActionMask</key>
			<string>2147483647</string>
			<key>files</key>
			<array>
				<string>3AC76ACC1C76AFD400B485C9</string>
				<string>3ABEEAC01CF0E6EA00190452</string>
				<string>3ABEEAC31CF0FFF900190452</string>
				<string>3A8A0B751C72420E006DFAD7</string>
				<string>3A8FDD921C753B930007CF02</string>
				<string>3A8A0BBE1C7249D7006DFAD7</string>
				<string>3ABEEAC71CF16CC900190452</string>
				<string>3AC76ACD1C76AFD400B485C9</string>
				<string>3A8A0B9D1C724256006DFAD7</string>
				<string>3ADFE1A01C7A61180041861E</string>
				<string>3A8A0BBC1C724893006DFAD7</string>
				<string>3A8A0BA61C724364006DFAD7</string>
				<string>3A8A0B7B1C72420E006DFAD7</string>
				<string>3A8A0BA01C72427E006DFAD7</string>
				<string>3A8A0B991C724244006DFAD7</string>
				<string>3ABEEAC51CF16B3300190452</string>
				<string>3A8A0B9B1C72424E006DFAD7</string>
				<string>3A8A0B731C72420E006DFAD7</string>
				<string>3A8A0BA21C724344006DFAD7</string>
				<string>3A8A0BA41C724357006DFAD7</string>
			</array>
			<key>isa</key>
			<string>PBXSourcesBuildPhase</string>
			<key>runOnlyForDeploymentPostprocessing</key>
			<string>0</string>
		</dict>
		<key>3A8A0B6C1C72420E006DFAD7</key>
		<dict>
			<key>buildActionMask</key>
			<string>2147483647</string>
			<key>files</key>
			<array>
				<string>407F16EA84D1138D273C3DDE</string>
			</array>
			<key>isa</key>
			<string>PBXFrameworksBuildPhase</string>
			<key>runOnlyForDeploymentPostprocessing</key>
			<string>0</string>
		</dict>
		<key>3A8A0B6D1C72420E006DFAD7</key>
		<dict>
			<key>buildActionMask</key>
			<string>2147483647</string>
			<key>files</key>
			<array>
				<string>3A8A0BB81C724721006DFAD7</string>
				<string>3A8A0BB91C724721006DFAD7</string>
				<string>3A8F86061C740F63001231B5</string>
				<string>3A8A0BBA1C724721006DFAD7</string>
				<string>3A8A0B801C72420E006DFAD7</string>
				<string>3A8A0B7D1C72420E006DFAD7</string>
				<string>3A8A0BB21C7244FF006DFAD7</string>
				<string>3A8A0BA81C72438A006DFAD7</string>
				<string>3A8A0BAC1C7243B1006DFAD7</string>
				<string>3A8A0B781C72420E006DFAD7</string>
				<string>3A8A0BAA1C7243A1006DFAD7</string>
				<string>3A8A0BAE1C7243C0006DFAD7</string>
			</array>
			<key>isa</key>
			<string>PBXResourcesBuildPhase</string>
			<key>runOnlyForDeploymentPostprocessing</key>
			<string>0</string>
		</dict>
		<key>3A8A0B6E1C72420E006DFAD7</key>
		<dict>
			<key>buildConfigurationList</key>
			<string>3A8A0B8F1C72420E006DFAD7</string>
			<key>buildPhases</key>
			<array>
				<string>C98C013E9D101F4D4136119F</string>
				<string>3A8A0B6B1C72420E006DFAD7</string>
				<string>3A8A0B6C1C72420E006DFAD7</string>
				<string>3A8A0B6D1C72420E006DFAD7</string>
				<string>F2122ABD531F0FC8EC329C45</string>
				<string>822EC4B5EF3D0F2EDF2E155F</string>
			</array>
			<key>buildRules</key>
			<array/>
			<key>dependencies</key>
			<array/>
			<key>isa</key>
			<string>PBXNativeTarget</string>
			<key>name</key>
			<string>KK</string>
			<key>productName</key>
			<string>KK</string>
			<key>productReference</key>
			<string>3A8A0B6F1C72420E006DFAD7</string>
			<key>productType</key>
			<string>com.apple.product-type.application</string>
		</dict>
		<key>3A8A0B6F1C72420E006DFAD7</key>
		<dict>
			<key>explicitFileType</key>
			<string>wrapper.application</string>
			<key>includeInIndex</key>
			<string>0</string>
			<key>isa</key>
			<string>PBXFileReference</string>
			<key>path</key>
			<string>KK.app</string>
			<key>sourceTree</key>
			<string>BUILT_PRODUCTS_DIR</string>
		</dict>
		<key>3A8A0B701C72420E006DFAD7</key>
		<dict>
			<key>children</key>
			<array>
				<string>3A8A0B6F1C72420E006DFAD7</string>
				<string>3A8A0B861C72420E006DFAD7</string>
			</array>
			<key>isa</key>
			<string>PBXGroup</string>
			<key>name</key>
			<string>Products</string>
			<key>sourceTree</key>
			<string>&lt;group&gt;</string>
		</dict>
		<key>3A8A0B711C72420E006DFAD7</key>
		<dict>
			<key>children</key>
			<array>
				<string>3AC76AC51C76AF1100B485C9</string>
				<string>3A8A0BB31C724640006DFAD7</string>
				<string>3A8A0B9E1C72425A006DFAD7</string>
				<string>3A8A0B971C72422E006DFAD7</string>
				<string>3A8A0B961C724227006DFAD7</string>
				<string>3A8A0B951C724215006DFAD7</string>
				<string>3A8A0B721C72420E006DFAD7</string>
				<string>3A8A0B761C72420E006DFAD7</string>
				<string>3A8A0B7C1C72420E006DFAD7</string>
				<string>3A8A0B7E1C72420E006DFAD7</string>
				<string>3A8A0B811C72420E006DFAD7</string>
				<string>3A8A0B791C72420E006DFAD7</string>
			</array>
			<key>isa</key>
			<string>PBXGroup</string>
			<key>path</key>
			<string>KK</string>
			<key>sourceTree</key>
			<string>&lt;group&gt;</string>
		</dict>
		<key>3A8A0B721C72420E006DFAD7</key>
		<dict>
			<key>isa</key>
			<string>PBXFileReference</string>
			<key>lastKnownFileType</key>
			<string>sourcecode.swift</string>
			<key>path</key>
			<string>AppDelegate.swift</string>
			<key>sourceTree</key>
			<string>&lt;group&gt;</string>
		</dict>
		<key>3A8A0B731C72420E006DFAD7</key>
		<dict>
			<key>fileRef</key>
			<string>3A8A0B721C72420E006DFAD7</string>
			<key>isa</key>
			<string>PBXBuildFile</string>
		</dict>
		<key>3A8A0B741C72420E006DFAD7</key>
		<dict>
			<key>isa</key>
			<string>PBXFileReference</string>
			<key>lastKnownFileType</key>
			<string>sourcecode.swift</string>
			<key>path</key>
			<string>MenuViewController.swift</string>
			<key>sourceTree</key>
			<string>&lt;group&gt;</string>
		</dict>
		<key>3A8A0B751C72420E006DFAD7</key>
		<dict>
			<key>fileRef</key>
			<string>3A8A0B741C72420E006DFAD7</string>
			<key>isa</key>
			<string>PBXBuildFile</string>
		</dict>
		<key>3A8A0B761C72420E006DFAD7</key>
		<dict>
			<key>children</key>
			<array>
				<string>3A8A0B771C72420E006DFAD7</string>
			</array>
			<key>isa</key>
			<string>PBXVariantGroup</string>
			<key>name</key>
			<string>Main.storyboard</string>
			<key>sourceTree</key>
			<string>&lt;group&gt;</string>
		</dict>
		<key>3A8A0B771C72420E006DFAD7</key>
		<dict>
			<key>isa</key>
			<string>PBXFileReference</string>
			<key>lastKnownFileType</key>
			<string>file.storyboard</string>
			<key>name</key>
			<string>Base</string>
			<key>path</key>
			<string>Base.lproj/Main.storyboard</string>
			<key>sourceTree</key>
			<string>&lt;group&gt;</string>
		</dict>
		<key>3A8A0B781C72420E006DFAD7</key>
		<dict>
			<key>fileRef</key>
			<string>3A8A0B761C72420E006DFAD7</string>
			<key>isa</key>
			<string>PBXBuildFile</string>
		</dict>
		<key>3A8A0B791C72420E006DFAD7</key>
		<dict>
			<key>children</key>
			<array>
				<string>3A8A0B7A1C72420E006DFAD7</string>
			</array>
			<key>currentVersion</key>
			<string>3A8A0B7A1C72420E006DFAD7</string>
			<key>isa</key>
			<string>XCVersionGroup</string>
			<key>path</key>
			<string>KK.xcdatamodeld</string>
			<key>sourceTree</key>
			<string>&lt;group&gt;</string>
			<key>versionGroupType</key>
			<string>wrapper.xcdatamodel</string>
		</dict>
		<key>3A8A0B7A1C72420E006DFAD7</key>
		<dict>
			<key>isa</key>
			<string>PBXFileReference</string>
			<key>lastKnownFileType</key>
			<string>wrapper.xcdatamodel</string>
			<key>path</key>
			<string>KK.xcdatamodel</string>
			<key>sourceTree</key>
			<string>&lt;group&gt;</string>
		</dict>
		<key>3A8A0B7B1C72420E006DFAD7</key>
		<dict>
			<key>fileRef</key>
			<string>3A8A0B791C72420E006DFAD7</string>
			<key>isa</key>
			<string>PBXBuildFile</string>
		</dict>
		<key>3A8A0B7C1C72420E006DFAD7</key>
		<dict>
			<key>isa</key>
			<string>PBXFileReference</string>
			<key>lastKnownFileType</key>
			<string>folder.assetcatalog</string>
			<key>path</key>
			<string>Assets.xcassets</string>
			<key>sourceTree</key>
			<string>&lt;group&gt;</string>
		</dict>
		<key>3A8A0B7D1C72420E006DFAD7</key>
		<dict>
			<key>fileRef</key>
			<string>3A8A0B7C1C72420E006DFAD7</string>
			<key>isa</key>
			<string>PBXBuildFile</string>
		</dict>
		<key>3A8A0B7E1C72420E006DFAD7</key>
		<dict>
			<key>children</key>
			<array>
				<string>3A8A0B7F1C72420E006DFAD7</string>
			</array>
			<key>isa</key>
			<string>PBXVariantGroup</string>
			<key>name</key>
			<string>LaunchScreen.storyboard</string>
			<key>sourceTree</key>
			<string>&lt;group&gt;</string>
		</dict>
		<key>3A8A0B7F1C72420E006DFAD7</key>
		<dict>
			<key>isa</key>
			<string>PBXFileReference</string>
			<key>lastKnownFileType</key>
			<string>file.storyboard</string>
			<key>name</key>
			<string>Base</string>
			<key>path</key>
			<string>Base.lproj/LaunchScreen.storyboard</string>
			<key>sourceTree</key>
			<string>&lt;group&gt;</string>
		</dict>
		<key>3A8A0B801C72420E006DFAD7</key>
		<dict>
			<key>fileRef</key>
			<string>3A8A0B7E1C72420E006DFAD7</string>
			<key>isa</key>
			<string>PBXBuildFile</string>
		</dict>
		<key>3A8A0B811C72420E006DFAD7</key>
		<dict>
			<key>isa</key>
			<string>PBXFileReference</string>
			<key>lastKnownFileType</key>
			<string>text.plist.xml</string>
			<key>path</key>
			<string>Info.plist</string>
			<key>sourceTree</key>
			<string>&lt;group&gt;</string>
		</dict>
		<key>3A8A0B821C72420E006DFAD7</key>
		<dict>
			<key>buildActionMask</key>
			<string>2147483647</string>
			<key>files</key>
			<array>
				<string>3A39579E1C8643A0006079F6</string>
				<string>3A8A0B8B1C72420E006DFAD7</string>
			</array>
			<key>isa</key>
			<string>PBXSourcesBuildPhase</string>
			<key>runOnlyForDeploymentPostprocessing</key>
			<string>0</string>
		</dict>
		<key>3A8A0B831C72420E006DFAD7</key>
		<dict>
			<key>buildActionMask</key>
			<string>2147483647</string>
			<key>files</key>
			<array/>
			<key>isa</key>
			<string>PBXFrameworksBuildPhase</string>
			<key>runOnlyForDeploymentPostprocessing</key>
			<string>0</string>
		</dict>
		<key>3A8A0B841C72420E006DFAD7</key>
		<dict>
			<key>buildActionMask</key>
			<string>2147483647</string>
			<key>files</key>
			<array/>
			<key>isa</key>
			<string>PBXResourcesBuildPhase</string>
			<key>runOnlyForDeploymentPostprocessing</key>
			<string>0</string>
		</dict>
		<key>3A8A0B851C72420E006DFAD7</key>
		<dict>
			<key>buildConfigurationList</key>
			<string>3A8A0B921C72420E006DFAD7</string>
			<key>buildPhases</key>
			<array>
				<string>3A8A0B821C72420E006DFAD7</string>
				<string>3A8A0B831C72420E006DFAD7</string>
				<string>3A8A0B841C72420E006DFAD7</string>
			</array>
			<key>buildRules</key>
			<array/>
			<key>dependencies</key>
			<array>
				<string>3A8A0B881C72420E006DFAD7</string>
			</array>
			<key>isa</key>
			<string>PBXNativeTarget</string>
			<key>name</key>
			<string>KKUITests</string>
			<key>productName</key>
			<string>KKUITests</string>
			<key>productReference</key>
			<string>3A8A0B861C72420E006DFAD7</string>
			<key>productType</key>
			<string>com.apple.product-type.bundle.ui-testing</string>
		</dict>
		<key>3A8A0B861C72420E006DFAD7</key>
		<dict>
			<key>explicitFileType</key>
			<string>wrapper.cfbundle</string>
			<key>includeInIndex</key>
			<string>0</string>
			<key>isa</key>
			<string>PBXFileReference</string>
			<key>path</key>
			<string>KKUITests.xctest</string>
			<key>sourceTree</key>
			<string>BUILT_PRODUCTS_DIR</string>
		</dict>
		<key>3A8A0B871C72420E006DFAD7</key>
		<dict>
			<key>containerPortal</key>
			<string>3A8A0B671C72420E006DFAD7</string>
			<key>isa</key>
			<string>PBXContainerItemProxy</string>
			<key>proxyType</key>
			<string>1</string>
			<key>remoteGlobalIDString</key>
			<string>3A8A0B6E1C72420E006DFAD7</string>
			<key>remoteInfo</key>
			<string>KK</string>
		</dict>
		<key>3A8A0B881C72420E006DFAD7</key>
		<dict>
			<key>isa</key>
			<string>PBXTargetDependency</string>
			<key>target</key>
			<string>3A8A0B6E1C72420E006DFAD7</string>
			<key>targetProxy</key>
			<string>3A8A0B871C72420E006DFAD7</string>
		</dict>
		<key>3A8A0B891C72420E006DFAD7</key>
		<dict>
			<key>children</key>
			<array>
				<string>3A8A0B8A1C72420E006DFAD7</string>
				<string>3A8A0B8C1C72420E006DFAD7</string>
			</array>
			<key>isa</key>
			<string>PBXGroup</string>
			<key>path</key>
			<string>KKUITests</string>
			<key>sourceTree</key>
			<string>&lt;group&gt;</string>
		</dict>
		<key>3A8A0B8A1C72420E006DFAD7</key>
		<dict>
			<key>isa</key>
			<string>PBXFileReference</string>
			<key>lastKnownFileType</key>
			<string>sourcecode.swift</string>
			<key>path</key>
			<string>KKUITests.swift</string>
			<key>sourceTree</key>
			<string>&lt;group&gt;</string>
		</dict>
		<key>3A8A0B8B1C72420E006DFAD7</key>
		<dict>
			<key>fileRef</key>
			<string>3A8A0B8A1C72420E006DFAD7</string>
			<key>isa</key>
			<string>PBXBuildFile</string>
		</dict>
		<key>3A8A0B8C1C72420E006DFAD7</key>
		<dict>
			<key>isa</key>
			<string>PBXFileReference</string>
			<key>lastKnownFileType</key>
			<string>text.plist.xml</string>
			<key>path</key>
			<string>Info.plist</string>
			<key>sourceTree</key>
			<string>&lt;group&gt;</string>
		</dict>
		<key>3A8A0B8D1C72420E006DFAD7</key>
		<dict>
			<key>buildSettings</key>
			<dict>
				<key>ALWAYS_SEARCH_USER_PATHS</key>
				<string>NO</string>
				<key>CLANG_CXX_LANGUAGE_STANDARD</key>
				<string>gnu++0x</string>
				<key>CLANG_CXX_LIBRARY</key>
				<string>libc++</string>
				<key>CLANG_ENABLE_MODULES</key>
				<string>YES</string>
				<key>CLANG_ENABLE_OBJC_ARC</key>
				<string>YES</string>
				<key>CLANG_WARN_BOOL_CONVERSION</key>
				<string>YES</string>
				<key>CLANG_WARN_CONSTANT_CONVERSION</key>
				<string>YES</string>
				<key>CLANG_WARN_DIRECT_OBJC_ISA_USAGE</key>
				<string>YES_ERROR</string>
				<key>CLANG_WARN_EMPTY_BODY</key>
				<string>YES</string>
				<key>CLANG_WARN_ENUM_CONVERSION</key>
				<string>YES</string>
				<key>CLANG_WARN_INFINITE_RECURSION</key>
				<string>YES</string>
				<key>CLANG_WARN_INT_CONVERSION</key>
				<string>YES</string>
				<key>CLANG_WARN_OBJC_ROOT_CLASS</key>
				<string>YES_ERROR</string>
				<key>CLANG_WARN_SUSPICIOUS_MOVE</key>
				<string>YES</string>
				<key>CLANG_WARN_UNREACHABLE_CODE</key>
				<string>YES</string>
				<key>CLANG_WARN__DUPLICATE_METHOD_MATCH</key>
				<string>YES</string>
				<key>CODE_SIGN_IDENTITY[sdk=iphoneos*]</key>
				<string>iPhone Developer</string>
				<key>COPY_PHASE_STRIP</key>
				<string>NO</string>
				<key>DEBUG_INFORMATION_FORMAT</key>
				<string>dwarf</string>
				<key>ENABLE_STRICT_OBJC_MSGSEND</key>
				<string>YES</string>
				<key>ENABLE_TESTABILITY</key>
				<string>YES</string>
				<key>GCC_C_LANGUAGE_STANDARD</key>
				<string>gnu99</string>
				<key>GCC_DYNAMIC_NO_PIC</key>
				<string>NO</string>
				<key>GCC_NO_COMMON_BLOCKS</key>
				<string>YES</string>
				<key>GCC_OPTIMIZATION_LEVEL</key>
				<string>0</string>
				<key>GCC_PREPROCESSOR_DEFINITIONS</key>
				<array>
					<string>DEBUG=1</string>
					<string>$(inherited)</string>
				</array>
				<key>GCC_WARN_64_TO_32_BIT_CONVERSION</key>
				<string>YES</string>
				<key>GCC_WARN_ABOUT_RETURN_TYPE</key>
				<string>YES_ERROR</string>
				<key>GCC_WARN_UNDECLARED_SELECTOR</key>
				<string>YES</string>
				<key>GCC_WARN_UNINITIALIZED_AUTOS</key>
				<string>YES_AGGRESSIVE</string>
				<key>GCC_WARN_UNUSED_FUNCTION</key>
				<string>YES</string>
				<key>GCC_WARN_UNUSED_VARIABLE</key>
				<string>YES</string>
				<key>IPHONEOS_DEPLOYMENT_TARGET</key>
				<string>9.2</string>
				<key>MTL_ENABLE_DEBUG_INFO</key>
				<string>YES</string>
				<key>ONLY_ACTIVE_ARCH</key>
				<string>YES</string>
				<key>SDKROOT</key>
				<string>iphoneos</string>
				<key>SWIFT_OPTIMIZATION_LEVEL</key>
				<string>-Onone</string>
			</dict>
			<key>isa</key>
			<string>XCBuildConfiguration</string>
			<key>name</key>
			<string>Debug</string>
		</dict>
		<key>3A8A0B8E1C72420E006DFAD7</key>
		<dict>
			<key>buildSettings</key>
			<dict>
				<key>ALWAYS_SEARCH_USER_PATHS</key>
				<string>NO</string>
				<key>CLANG_CXX_LANGUAGE_STANDARD</key>
				<string>gnu++0x</string>
				<key>CLANG_CXX_LIBRARY</key>
				<string>libc++</string>
				<key>CLANG_ENABLE_MODULES</key>
				<string>YES</string>
				<key>CLANG_ENABLE_OBJC_ARC</key>
				<string>YES</string>
				<key>CLANG_WARN_BOOL_CONVERSION</key>
				<string>YES</string>
				<key>CLANG_WARN_CONSTANT_CONVERSION</key>
				<string>YES</string>
				<key>CLANG_WARN_DIRECT_OBJC_ISA_USAGE</key>
				<string>YES_ERROR</string>
				<key>CLANG_WARN_EMPTY_BODY</key>
				<string>YES</string>
				<key>CLANG_WARN_ENUM_CONVERSION</key>
				<string>YES</string>
				<key>CLANG_WARN_INFINITE_RECURSION</key>
				<string>YES</string>
				<key>CLANG_WARN_INT_CONVERSION</key>
				<string>YES</string>
				<key>CLANG_WARN_OBJC_ROOT_CLASS</key>
				<string>YES_ERROR</string>
				<key>CLANG_WARN_SUSPICIOUS_MOVE</key>
				<string>YES</string>
				<key>CLANG_WARN_UNREACHABLE_CODE</key>
				<string>YES</string>
				<key>CLANG_WARN__DUPLICATE_METHOD_MATCH</key>
				<string>YES</string>
				<key>CODE_SIGN_IDENTITY[sdk=iphoneos*]</key>
				<string>iPhone Developer</string>
				<key>COPY_PHASE_STRIP</key>
				<string>NO</string>
				<key>DEBUG_INFORMATION_FORMAT</key>
				<string>dwarf-with-dsym</string>
				<key>ENABLE_NS_ASSERTIONS</key>
				<string>NO</string>
				<key>ENABLE_STRICT_OBJC_MSGSEND</key>
				<string>YES</string>
				<key>GCC_C_LANGUAGE_STANDARD</key>
				<string>gnu99</string>
				<key>GCC_NO_COMMON_BLOCKS</key>
				<string>YES</string>
				<key>GCC_WARN_64_TO_32_BIT_CONVERSION</key>
				<string>YES</string>
				<key>GCC_WARN_ABOUT_RETURN_TYPE</key>
				<string>YES_ERROR</string>
				<key>GCC_WARN_UNDECLARED_SELECTOR</key>
				<string>YES</string>
				<key>GCC_WARN_UNINITIALIZED_AUTOS</key>
				<string>YES_AGGRESSIVE</string>
				<key>GCC_WARN_UNUSED_FUNCTION</key>
				<string>YES</string>
				<key>GCC_WARN_UNUSED_VARIABLE</key>
				<string>YES</string>
				<key>IPHONEOS_DEPLOYMENT_TARGET</key>
				<string>9.2</string>
				<key>MTL_ENABLE_DEBUG_INFO</key>
				<string>NO</string>
				<key>SDKROOT</key>
				<string>iphoneos</string>
				<key>SWIFT_OPTIMIZATION_LEVEL</key>
				<string>-Owholemodule</string>
				<key>VALIDATE_PRODUCT</key>
				<string>YES</string>
			</dict>
			<key>isa</key>
			<string>XCBuildConfiguration</string>
			<key>name</key>
			<string>Release</string>
		</dict>
		<key>3A8A0B8F1C72420E006DFAD7</key>
		<dict>
			<key>buildConfigurations</key>
			<array>
				<string>3A8A0B901C72420E006DFAD7</string>
				<string>3A8A0B911C72420E006DFAD7</string>
			</array>
			<key>defaultConfigurationIsVisible</key>
			<string>0</string>
			<key>defaultConfigurationName</key>
			<string>Release</string>
			<key>isa</key>
			<string>XCConfigurationList</string>
		</dict>
		<key>3A8A0B901C72420E006DFAD7</key>
		<dict>
			<key>baseConfigurationReference</key>
			<string>FE8E50A0275A84C0E107C266</string>
			<key>buildSettings</key>
			<dict>
				<key>ASSETCATALOG_COMPILER_APPICON_NAME</key>
				<string>AppIcon</string>
				<key>CODE_SIGN_IDENTITY</key>
				<string>iPhone Developer</string>
				<key>CODE_SIGN_IDENTITY[sdk=iphoneos*]</key>
				<string>iPhone Developer</string>
				<key>INFOPLIST_FILE</key>
				<string>KK/Info.plist</string>
				<key>LD_RUNPATH_SEARCH_PATHS</key>
				<string>$(inherited) @executable_path/Frameworks</string>
				<key>PRODUCT_BUNDLE_IDENTIFIER</key>
				<string>com.KK</string>
				<key>PRODUCT_NAME</key>
				<string>$(TARGET_NAME)</string>
				<key>PROVISIONING_PROFILE</key>
				<string></string>
				<key>SWIFT_OBJC_BRIDGING_HEADER</key>
				<string>./KK/KK-Bridging-Header.h</string>
				<key>SWIFT_VERSION</key>
				<string>2.3</string>
			</dict>
			<key>isa</key>
			<string>XCBuildConfiguration</string>
			<key>name</key>
			<string>Debug</string>
		</dict>
		<key>3A8A0B911C72420E006DFAD7</key>
		<dict>
			<key>baseConfigurationReference</key>
			<string>DECF578CD5CA6C00A4863356</string>
			<key>buildSettings</key>
			<dict>
				<key>ASSETCATALOG_COMPILER_APPICON_NAME</key>
				<string>AppIcon</string>
				<key>CODE_SIGN_IDENTITY</key>
				<string>iPhone Developer</string>
				<key>CODE_SIGN_IDENTITY[sdk=iphoneos*]</key>
				<string>iPhone Developer</string>
				<key>INFOPLIST_FILE</key>
				<string>KK/Info.plist</string>
				<key>LD_RUNPATH_SEARCH_PATHS</key>
				<string>$(inherited) @executable_path/Frameworks</string>
				<key>PRODUCT_BUNDLE_IDENTIFIER</key>
				<string>com.KK</string>
				<key>PRODUCT_NAME</key>
				<string>$(TARGET_NAME)</string>
				<key>PROVISIONING_PROFILE</key>
				<string></string>
				<key>SWIFT_OBJC_BRIDGING_HEADER</key>
				<string>./KK/KK-Bridging-Header.h</string>
				<key>SWIFT_VERSION</key>
				<string>2.3</string>
			</dict>
			<key>isa</key>
			<string>XCBuildConfiguration</string>
			<key>name</key>
			<string>Release</string>
		</dict>
		<key>3A8A0B921C72420E006DFAD7</key>
		<dict>
			<key>buildConfigurations</key>
			<array>
				<string>3A8A0B931C72420E006DFAD7</string>
				<string>3A8A0B941C72420E006DFAD7</string>
			</array>
			<key>defaultConfigurationIsVisible</key>
			<string>0</string>
			<key>defaultConfigurationName</key>
			<string>Release</string>
			<key>isa</key>
			<string>XCConfigurationList</string>
		</dict>
		<key>3A8A0B931C72420E006DFAD7</key>
		<dict>
			<key>buildSettings</key>
			<dict>
				<key>INFOPLIST_FILE</key>
				<string>KKUITests/Info.plist</string>
				<key>LD_RUNPATH_SEARCH_PATHS</key>
				<string>$(inherited) @executable_path/Frameworks @loader_path/Frameworks</string>
				<key>PRODUCT_BUNDLE_IDENTIFIER</key>
				<string>com.KKUITests</string>
				<key>PRODUCT_NAME</key>
				<string>$(TARGET_NAME)</string>
				<key>SWIFT_VERSION</key>
				<string>2.3</string>
				<key>TEST_TARGET_NAME</key>
				<string>KK</string>
				<key>USES_XCTRUNNER</key>
				<string>YES</string>
			</dict>
			<key>isa</key>
			<string>XCBuildConfiguration</string>
			<key>name</key>
			<string>Debug</string>
		</dict>
		<key>3A8A0B941C72420E006DFAD7</key>
		<dict>
			<key>buildSettings</key>
			<dict>
				<key>INFOPLIST_FILE</key>
				<string>KKUITests/Info.plist</string>
				<key>LD_RUNPATH_SEARCH_PATHS</key>
				<string>$(inherited) @executable_path/Frameworks @loader_path/Frameworks</string>
				<key>PRODUCT_BUNDLE_IDENTIFIER</key>
				<string>com.KKUITests</string>
				<key>PRODUCT_NAME</key>
				<string>$(TARGET_NAME)</string>
				<key>SWIFT_VERSION</key>
				<string>2.3</string>
				<key>TEST_TARGET_NAME</key>
				<string>KK</string>
				<key>USES_XCTRUNNER</key>
				<string>YES</string>
			</dict>
			<key>isa</key>
			<string>XCBuildConfiguration</string>
			<key>name</key>
			<string>Release</string>
		</dict>
		<key>3A8A0B951C724215006DFAD7</key>
		<dict>
			<key>children</key>
			<array>
				<string>3A8A0B741C72420E006DFAD7</string>
				<string>3A8A0BA11C724344006DFAD7</string>
				<string>3A8A0BA31C724357006DFAD7</string>
				<string>3A8A0BA51C724364006DFAD7</string>
			</array>
			<key>isa</key>
			<string>PBXGroup</string>
			<key>name</key>
			<string>View Controllers</string>
			<key>sourceTree</key>
			<string>&lt;group&gt;</string>
		</dict>
		<key>3A8A0B961C724227006DFAD7</key>
		<dict>
			<key>children</key>
			<array>
				<string>3A8A0B981C724244006DFAD7</string>
				<string>3A8A0B9A1C72424E006DFAD7</string>
				<string>3ABEEAC41CF16B3300190452</string>
				<string>3ABEEAC61CF16CC900190452</string>
			</array>
			<key>isa</key>
			<string>PBXGroup</string>
			<key>name</key>
			<string>QM</string>
			<key>sourceTree</key>
			<string>&lt;group&gt;</string>
		</dict>
		<key>3A8A0B971C72422E006DFAD7</key>
		<dict>
			<key>children</key>
			<array>
				<string>3ADFE19D1C7A61000041861E</string>
				<string>3A8BF5031C758B1D00732C93</string>
				<string>3A8A0BBD1C7249D7006DFAD7</string>
				<string>3A8FDD911C753B930007CF02</string>
				<string>3A8A0BBB1C724893006DFAD7</string>
				<string>3A8A0BB01C7244EF006DFAD7</string>
				<string>3A8A0BAF1C7244E5006DFAD7</string>
			</array>
			<key>isa</key>
			<string>PBXGroup</string>
			<key>name</key>
			<string>Views</string>
			<key>sourceTree</key>
			<string>&lt;group&gt;</string>
		</dict>
		<key>3A8A0B981C724244006DFAD7</key>
		<dict>
			<key>fileEncoding</key>
			<string>4</string>
			<key>isa</key>
			<string>PBXFileReference</string>
			<key>lastKnownFileType</key>
			<string>sourcecode.swift</string>
			<key>path</key>
			<string>QMCore.swift</string>
			<key>sourceTree</key>
			<string>&lt;group&gt;</string>
		</dict>
		<key>3A8A0B991C724244006DFAD7</key>
		<dict>
			<key>fileRef</key>
			<string>3A8A0B981C724244006DFAD7</string>
			<key>isa</key>
			<string>PBXBuildFile</string>
		</dict>
		<key>3A8A0B9A1C72424E006DFAD7</key>
		<dict>
			<key>fileEncoding</key>
			<string>4</string>
			<key>isa</key>
			<string>PBXFileReference</string>
			<key>lastKnownFileType</key>
			<string>sourcecode.swift</string>
			<key>path</key>
			<string>QMClasses.swift</string>
			<key>sourceTree</key>
			<string>&lt;group&gt;</string>
		</dict>
		<key>3A8A0B9B1C72424E006DFAD7</key>
		<dict>
			<key>fileRef</key>
			<string>3A8A0B9A1C72424E006DFAD7</string>
			<key>isa</key>
			<string>PBXBuildFile</string>
		</dict>
		<key>3A8A0B9C1C724256006DFAD7</key>
		<dict>
			<key>fileEncoding</key>
			<string>4</string>
			<key>isa</key>
			<string>PBXFileReference</string>
			<key>lastKnownFileType</key>
			<string>sourcecode.swift</string>
			<key>path</key>
			<string>Extensions.swift</string>
			<key>sourceTree</key>
			<string>&lt;group&gt;</string>
		</dict>
		<key>3A8A0B9D1C724256006DFAD7</key>
		<dict>
			<key>fileRef</key>
			<string>3A8A0B9C1C724256006DFAD7</string>
			<key>isa</key>
			<string>PBXBuildFile</string>
		</dict>
		<key>3A8A0B9E1C72425A006DFAD7</key>
		<dict>
			<key>children</key>
			<array>
				<string>3ABEEAC11CF0FFE000190452</string>
				<string>3A8A0B9C1C724256006DFAD7</string>
				<string>3ABEEABF1CF0E6EA00190452</string>
				<string>3A8A0B9F1C72427E006DFAD7</string>
			</array>
			<key>isa</key>
			<string>PBXGroup</string>
			<key>name</key>
			<string>Common</string>
			<key>sourceTree</key>
			<string>&lt;group&gt;</string>
		</dict>
		<key>3A8A0B9F1C72427E006DFAD7</key>
		<dict>
			<key>fileEncoding</key>
			<string>4</string>
			<key>isa</key>
			<string>PBXFileReference</string>
			<key>lastKnownFileType</key>
			<string>sourcecode.swift</string>
			<key>path</key>
			<string>UserSession.swift</string>
			<key>sourceTree</key>
			<string>&lt;group&gt;</string>
		</dict>
		<key>3A8A0BA01C72427E006DFAD7</key>
		<dict>
			<key>fileRef</key>
			<string>3A8A0B9F1C72427E006DFAD7</string>
			<key>isa</key>
			<string>PBXBuildFile</string>
		</dict>
		<key>3A8A0BA11C724344006DFAD7</key>
		<dict>
			<key>fileEncoding</key>
			<string>4</string>
			<key>isa</key>
			<string>PBXFileReference</string>
			<key>lastKnownFileType</key>
			<string>sourcecode.swift</string>
			<key>path</key>
			<string>MapViewController.swift</string>
			<key>sourceTree</key>
			<string>&lt;group&gt;</string>
		</dict>
		<key>3A8A0BA21C724344006DFAD7</key>
		<dict>
			<key>fileRef</key>
			<string>3A8A0BA11C724344006DFAD7</string>
			<key>isa</key>
			<string>PBXBuildFile</string>
		</dict>
		<key>3A8A0BA31C724357006DFAD7</key>
		<dict>
			<key>fileEncoding</key>
			<string>4</string>
			<key>isa</key>
			<string>PBXFileReference</string>
			<key>lastKnownFileType</key>
			<string>sourcecode.swift</string>
			<key>path</key>
			<string>ConfigViewController.swift</string>
			<key>sourceTree</key>
			<string>&lt;group&gt;</string>
		</dict>
		<key>3A8A0BA41C724357006DFAD7</key>
		<dict>
			<key>fileRef</key>
			<string>3A8A0BA31C724357006DFAD7</string>
			<key>isa</key>
			<string>PBXBuildFile</string>
		</dict>
		<key>3A8A0BA51C724364006DFAD7</key>
		<dict>
			<key>fileEncoding</key>
			<string>4</string>
			<key>isa</key>
			<string>PBXFileReference</string>
			<key>lastKnownFileType</key>
			<string>sourcecode.swift</string>
			<key>path</key>
			<string>TutorialViewController.swift</string>
			<key>sourceTree</key>
			<string>&lt;group&gt;</string>
		</dict>
		<key>3A8A0BA61C724364006DFAD7</key>
		<dict>
			<key>fileRef</key>
			<string>3A8A0BA51C724364006DFAD7</string>
			<key>isa</key>
			<string>PBXBuildFile</string>
		</dict>
		<key>3A8A0BA71C72438A006DFAD7</key>
		<dict>
			<key>fileEncoding</key>
			<string>4</string>
			<key>isa</key>
			<string>PBXFileReference</string>
			<key>lastKnownFileType</key>
			<string>file.xib</string>
			<key>path</key>
			<string>Map2x2.xib</string>
			<key>sourceTree</key>
			<string>&lt;group&gt;</string>
		</dict>
		<key>3A8A0BA81C72438A006DFAD7</key>
		<dict>
			<key>fileRef</key>
			<string>3A8A0BA71C72438A006DFAD7</string>
			<key>isa</key>
			<string>PBXBuildFile</string>
		</dict>
		<key>3A8A0BA91C7243A1006DFAD7</key>
		<dict>
			<key>fileEncoding</key>
			<string>4</string>
			<key>isa</key>
			<string>PBXFileReference</string>
			<key>lastKnownFileType</key>
			<string>file.xib</string>
			<key>path</key>
			<string>Map2x4.xib</string>
			<key>sourceTree</key>
			<string>&lt;group&gt;</string>
		</dict>
		<key>3A8A0BAA1C7243A1006DFAD7</key>
		<dict>
			<key>fileRef</key>
			<string>3A8A0BA91C7243A1006DFAD7</string>
			<key>isa</key>
			<string>PBXBuildFile</string>
		</dict>
		<key>3A8A0BAB1C7243B1006DFAD7</key>
		<dict>
			<key>fileEncoding</key>
			<string>4</string>
			<key>isa</key>
			<string>PBXFileReference</string>
			<key>lastKnownFileType</key>
			<string>file.xib</string>
			<key>path</key>
			<string>Map4x4.xib</string>
			<key>sourceTree</key>
			<string>&lt;group&gt;</string>
		</dict>
		<key>3A8A0BAC1C7243B1006DFAD7</key>
		<dict>
			<key>fileRef</key>
			<string>3A8A0BAB1C7243B1006DFAD7</string>
			<key>isa</key>
			<string>PBXBuildFile</string>
		</dict>
		<key>3A8A0BAD1C7243C0006DFAD7</key>
		<dict>
			<key>fileEncoding</key>
			<string>4</string>
			<key>isa</key>
			<string>PBXFileReference</string>
			<key>lastKnownFileType</key>
			<string>file.xib</string>
			<key>path</key>
			<string>Map4x4_5.xib</string>
			<key>sourceTree</key>
			<string>&lt;group&gt;</string>
		</dict>
		<key>3A8A0BAE1C7243C0006DFAD7</key>
		<dict>
			<key>fileRef</key>
			<string>3A8A0BAD1C7243C0006DFAD7</string>
			<key>isa</key>
			<string>PBXBuildFile</string>
		</dict>
		<key>3A8A0BAF1C7244E5006DFAD7</key>
		<dict>
			<key>children</key>
			<array>
				<string>3A8A0BA71C72438A006DFAD7</string>
				<string>3A8A0BA91C7243A1006DFAD7</string>
				<string>3A8A0BAB1C7243B1006DFAD7</string>
				<string>3A8A0BAD1C7243C0006DFAD7</string>
			</array>
			<key>isa</key>
			<string>PBXGroup</string>
			<key>name</key>
			<string>Maps</string>
			<key>sourceTree</key>
			<string>&lt;group&gt;</string>
		</dict>
		<key>3A8A0BB01C7244EF006DFAD7</key>
		<dict>
			<key>children</key>
			<array>
				<string>3A8A0BB11C7244FF006DFAD7</string>
				<string>3A8F86051C740F63001231B5</string>
			</array>
			<key>isa</key>
			<string>PBXGroup</string>
			<key>name</key>
			<string>Labels</string>
			<key>sourceTree</key>
			<string>&lt;group&gt;</string>
		</dict>
		<key>3A8A0BB11C7244FF006DFAD7</key>
		<dict>
			<key>fileEncoding</key>
			<string>4</string>
			<key>isa</key>
			<string>PBXFileReference</string>
			<key>lastKnownFileType</key>
			<string>file.xib</string>
			<key>path</key>
			<string>Logo@3.xib</string>
			<key>sourceTree</key>
			<string>&lt;group&gt;</string>
		</dict>
		<key>3A8A0BB21C7244FF006DFAD7</key>
		<dict>
			<key>fileRef</key>
			<string>3A8A0BB11C7244FF006DFAD7</string>
			<key>isa</key>
			<string>PBXBuildFile</string>
		</dict>
		<key>3A8A0BB31C724640006DFAD7</key>
		<dict>
			<key>children</key>
			<array>
				<string>3A8A0BB41C72464E006DFAD7</string>
			</array>
			<key>isa</key>
			<string>PBXGroup</string>
			<key>name</key>
			<string>Resources</string>
			<key>sourceTree</key>
			<string>&lt;group&gt;</string>
		</dict>
		<key>3A8A0BB41C72464E006DFAD7</key>
		<dict>
			<key>children</key>
			<array>
				<string>3A8A0BB51C7246DF006DFAD7</string>
				<string>3A8A0BB61C7246DF006DFAD7</string>
				<string>3A8A0BB71C7246DF006DFAD7</string>
			</array>
			<key>isa</key>
			<string>PBXGroup</string>
			<key>name</key>
			<string>Fonts</string>
			<key>sourceTree</key>
			<string>&lt;group&gt;</string>
		</dict>
		<key>3A8A0BB51C7246DF006DFAD7</key>
		<dict>
			<key>isa</key>
			<string>PBXFileReference</string>
			<key>lastKnownFileType</key>
			<string>file</string>
			<key>path</key>
			<string>trench.otf</string>
			<key>sourceTree</key>
			<string>&lt;group&gt;</string>
		</dict>
		<key>3A8A0BB61C7246DF006DFAD7</key>
		<dict>
			<key>isa</key>
			<string>PBXFileReference</string>
			<key>lastKnownFileType</key>
			<string>file</string>
			<key>path</key>
			<string>Lantinghei.ttc</string>
			<key>sourceTree</key>
			<string>&lt;group&gt;</string>
		</dict>
		<key>3A8A0BB71C7246DF006DFAD7</key>
		<dict>
			<key>isa</key>
			<string>PBXFileReference</string>
			<key>lastKnownFileType</key>
			<string>file</string>
			<key>path</key>
			<string>PEPSI_pl.ttf</string>
			<key>sourceTree</key>
			<string>&lt;group&gt;</string>
		</dict>
		<key>3A8A0BB81C724721006DFAD7</key>
		<dict>
			<key>fileRef</key>
			<string>3A8A0BB51C7246DF006DFAD7</string>
			<key>isa</key>
			<string>PBXBuildFile</string>
		</dict>
		<key>3A8A0BB91C724721006DFAD7</key>
		<dict>
			<key>fileRef</key>
			<string>3A8A0BB61C7246DF006DFAD7</string>
			<key>isa</key>
			<string>PBXBuildFile</string>
		</dict>
		<key>3A8A0BBA1C724721006DFAD7</key>
		<dict>
			<key>fileRef</key>
			<string>3A8A0BB71C7246DF006DFAD7</string>
			<key>isa</key>
			<string>PBXBuildFile</string>
		</dict>
		<key>3A8A0BBB1C724893006DFAD7</key>
		<dict>
			<key>fileEncoding</key>
			<string>4</string>
			<key>isa</key>
			<string>PBXFileReference</string>
			<key>lastKnownFileType</key>
			<string>sourcecode.swift</string>
			<key>path</key>
			<string>LogoView.swift</string>
			<key>sourceTree</key>
			<string>&lt;group&gt;</string>
		</dict>
		<key>3A8A0BBC1C724893006DFAD7</key>
		<dict>
			<key>fileRef</key>
			<string>3A8A0BBB1C724893006DFAD7</string>
			<key>isa</key>
			<string>PBXBuildFile</string>
		</dict>
		<key>3A8A0BBD1C7249D7006DFAD7</key>
		<dict>
			<key>fileEncoding</key>
			<string>4</string>
			<key>isa</key>
			<string>PBXFileReference</string>
			<key>lastKnownFileType</key>
			<string>sourcecode.swift</string>
			<key>path</key>
			<string>MapView.swift</string>
			<key>sourceTree</key>
			<string>&lt;group&gt;</string>
		</dict>
		<key>3A8A0BBE1C7249D7006DFAD7</key>
		<dict>
			<key>fileRef</key>
			<string>3A8A0BBD1C7249D7006DFAD7</string>
			<key>isa</key>
			<string>PBXBuildFile</string>
		</dict>
		<key>3A8BF5031C758B1D00732C93</key>
		<dict>
			<key>children</key>
			<array>
				<string>3AC76AC81C76AFD400B485C9</string>
				<string>3AC76AC91C76AFD400B485C9</string>
				<string>3AC76ACA1C76AFD400B485C9</string>
				<string>3AC76ACB1C76AFD400B485C9</string>
			</array>
			<key>isa</key>
			<string>PBXGroup</string>
			<key>name</key>
			<string>CKCircleView-objc</string>
			<key>sourceTree</key>
			<string>&lt;group&gt;</string>
		</dict>
		<key>3A8F86051C740F63001231B5</key>
		<dict>
			<key>fileEncoding</key>
			<string>4</string>
			<key>isa</key>
			<string>PBXFileReference</string>
			<key>lastKnownFileType</key>
			<string>file.xib</string>
			<key>path</key>
			<string>Logo@2.xib</string>
			<key>sourceTree</key>
			<string>&lt;group&gt;</string>
		</dict>
		<key>3A8F86061C740F63001231B5</key>
		<dict>
			<key>fileRef</key>
			<string>3A8F86051C740F63001231B5</string>
			<key>isa</key>
			<string>PBXBuildFile</string>
		</dict>
		<key>3A8FDD911C753B930007CF02</key>
		<dict>
			<key>fileEncoding</key>
			<string>4</string>
			<key>isa</key>
			<string>PBXFileReference</string>
			<key>lastKnownFileType</key>
			<string>sourcecode.swift</string>
			<key>path</key>
			<string>MeshView.swift</string>
			<key>sourceTree</key>
			<string>&lt;group&gt;</string>
		</dict>
		<key>3A8FDD921C753B930007CF02</key>
		<dict>
			<key>fileRef</key>
			<string>3A8FDD911C753B930007CF02</string>
			<key>isa</key>
			<string>PBXBuildFile</string>
		</dict>
		<key>3ABEEABF1CF0E6EA00190452</key>
		<dict>
			<key>fileEncoding</key>
			<string>4</string>
			<key>isa</key>
			<string>PBXFileReference</string>
			<key>lastKnownFileType</key>
			<string>sourcecode.swift</string>
			<key>path</key>
			<string>Constants.swift</string>
			<key>sourceTree</key>
			<string>&lt;group&gt;</string>
		</dict>
		<key>3ABEEAC01CF0E6EA00190452</key>
		<dict>
			<key>fileRef</key>
			<string>3ABEEABF1CF0E6EA00190452</string>
			<key>isa</key>
			<string>PBXBuildFile</string>
		</dict>
		<key>3ABEEAC11CF0FFE000190452</key>
		<dict>
			<key>children</key>
			<array>
				<string>3ABEEAC21CF0FFF900190452</string>
			</array>
			<key>isa</key>
			<string>PBXGroup</string>
			<key>name</key>
			<string>Singletons</string>
			<key>sourceTree</key>
			<string>&lt;group&gt;</string>
		</dict>
		<key>3ABEEAC21CF0FFF900190452</key>
		<dict>
			<key>fileEncoding</key>
			<string>4</string>
			<key>isa</key>
			<string>PBXFileReference</string>
			<key>lastKnownFileType</key>
			<string>sourcecode.swift</string>
			<key>path</key>
			<string>StoryBoardManager.swift</string>
			<key>sourceTree</key>
			<string>&lt;group&gt;</string>
		</dict>
		<key>3ABEEAC31CF0FFF900190452</key>
		<dict>
			<key>fileRef</key>
			<string>3ABEEAC21CF0FFF900190452</string>
			<key>isa</key>
			<string>PBXBuildFile</string>
		</dict>
		<key>3ABEEAC41CF16B3300190452</key>
		<dict>
			<key>fileEncoding</key>
			<string>4</string>
			<key>isa</key>
			<string>PBXFileReference</string>
			<key>lastKnownFileType</key>
			<string>sourcecode.swift</string>
			<key>path</key>
			<string>QMCoordinate.swift</string>
			<key>sourceTree</key>
			<string>&lt;group&gt;</string>
		</dict>
		<key>3ABEEAC51CF16B3300190452</key>
		<dict>
			<key>fileRef</key>
			<string>3ABEEAC41CF16B3300190452</string>
			<key>isa</key>
			<string>PBXBuildFile</string>
		</dict>
		<key>3ABEEAC61CF16CC900190452</key>
		<dict>
			<key>fileEncoding</key>
			<string>4</string>
			<key>isa</key>
			<string>PBXFileReference</string>
			<key>lastKnownFileType</key>
			<string>sourcecode.swift</string>
			<key>path</key>
			<string>QMMap.swift</string>
			<key>sourceTree</key>
			<string>&lt;group&gt;</string>
		</dict>
		<key>3ABEEAC71CF16CC900190452</key>
		<dict>
			<key>fileRef</key>
			<string>3ABEEAC61CF16CC900190452</string>
			<key>isa</key>
			<string>PBXBuildFile</string>
		</dict>
		<key>3AC76AC51C76AF1100B485C9</key>
		<dict>
			<key>isa</key>
			<string>PBXFileReference</string>
			<key>lastKnownFileType</key>
			<string>sourcecode.c.h</string>
			<key>path</key>
			<string>KK-Bridging-Header.h</string>
			<key>sourceTree</key>
			<string>&lt;group&gt;</string>
		</dict>
		<key>3AC76AC81C76AFD400B485C9</key>
		<dict>
			<key>fileEncoding</key>
			<string>4</string>
			<key>isa</key>
			<string>PBXFileReference</string>
			<key>lastKnownFileType</key>
			<string>sourcecode.c.h</string>
			<key>path</key>
			<string>CKCircleLabel.h</string>
			<key>sourceTree</key>
			<string>&lt;group&gt;</string>
		</dict>
		<key>3AC76AC91C76AFD400B485C9</key>
		<dict>
			<key>fileEncoding</key>
			<string>4</string>
			<key>isa</key>
			<string>PBXFileReference</string>
			<key>lastKnownFileType</key>
			<string>sourcecode.c.objc</string>
			<key>path</key>
			<string>CKCircleLabel.m</string>
			<key>sourceTree</key>
			<string>&lt;group&gt;</string>
		</dict>
		<key>3AC76ACA1C76AFD400B485C9</key>
		<dict>
			<key>fileEncoding</key>
			<string>4</string>
			<key>isa</key>
			<string>PBXFileReference</string>
			<key>lastKnownFileType</key>
			<string>sourcecode.c.h</string>
			<key>path</key>
			<string>CKCircleView.h</string>
			<key>sourceTree</key>
			<string>&lt;group&gt;</string>
		</dict>
		<key>3AC76ACB1C76AFD400B485C9</key>
		<dict>
			<key>fileEncoding</key>
			<string>4</string>
			<key>isa</key>
			<string>PBXFileReference</string>
			<key>lastKnownFileType</key>
			<string>sourcecode.c.objc</string>
			<key>path</key>
			<string>CKCircleView.m</string>
			<key>sourceTree</key>
			<string>&lt;group&gt;</string>
		</dict>
		<key>3AC76ACC1C76AFD400B485C9</key>
		<dict>
			<key>fileRef</key>
			<string>3AC76AC91C76AFD400B485C9</string>
			<key>isa</key>
			<string>PBXBuildFile</string>
		</dict>
		<key>3AC76ACD1C76AFD400B485C9</key>
		<dict>
			<key>fileRef</key>
			<string>3AC76ACB1C76AFD400B485C9</string>
			<key>isa</key>
			<string>PBXBuildFile</string>
		</dict>
		<key>3ADFE19D1C7A61000041861E</key>
		<dict>
			<key>children</key>
			<array>
				<string>3ADFE19E1C7A61180041861E</string>
				<string>3ADFE19F1C7A61180041861E</string>
			</array>
			<key>isa</key>
			<string>PBXGroup</string>
			<key>name</key>
			<string>StepSlider-objc</string>
			<key>sourceTree</key>
			<string>&lt;group&gt;</string>
		</dict>
		<key>3ADFE19E1C7A61180041861E</key>
		<dict>
			<key>fileEncoding</key>
			<string>4</string>
			<key>isa</key>
			<string>PBXFileReference</string>
			<key>lastKnownFileType</key>
			<string>sourcecode.c.h</string>
			<key>path</key>
			<string>StepSlider.h</string>
			<key>sourceTree</key>
			<string>&lt;group&gt;</string>
		</dict>
		<key>3ADFE19F1C7A61180041861E</key>
		<dict>
			<key>fileEncoding</key>
			<string>4</string>
			<key>isa</key>
			<string>PBXFileReference</string>
			<key>lastKnownFileType</key>
			<string>sourcecode.c.objc</string>
			<key>path</key>
			<string>StepSlider.m</string>
			<key>sourceTree</key>
			<string>&lt;group&gt;</string>
		</dict>
		<key>3ADFE1A01C7A61180041861E</key>
		<dict>
			<key>fileRef</key>
			<string>3ADFE19F1C7A61180041861E</string>
			<key>isa</key>
			<string>PBXBuildFile</string>
		</dict>
		<key>407F16EA84D1138D273C3DDE</key>
		<dict>
			<key>fileRef</key>
			<string>D06314BA45FF915C58594999</string>
			<key>isa</key>
			<string>PBXBuildFile</string>
			<key>settings</key>
			<dict>
				<key>ATTRIBUTES</key>
				<array>
					<string>Weak</string>
				</array>
			</dict>
		</dict>
		<key>445E69235B0582E91A0BFC6B</key>
		<dict>
			<key>children</key>
			<array>
				<string>FE8E50A0275A84C0E107C266</string>
				<string>DECF578CD5CA6C00A4863356</string>
			</array>
			<key>isa</key>
			<string>PBXGroup</string>
			<key>name</key>
			<string>Pods</string>
			<key>sourceTree</key>
			<string>&lt;group&gt;</string>
		</dict>
		<key>4F744B169AF0F337FC41BA0F</key>
		<dict>
			<key>children</key>
			<array>
				<string>D06314BA45FF915C58594999</string>
			</array>
			<key>isa</key>
			<string>PBXGroup</string>
			<key>name</key>
			<string>Frameworks</string>
			<key>sourceTree</key>
			<string>&lt;group&gt;</string>
		</dict>
		<key>822EC4B5EF3D0F2EDF2E155F</key>
		<dict>
			<key>buildActionMask</key>
			<string>2147483647</string>
			<key>files</key>
			<array/>
			<key>inputPaths</key>
			<array/>
			<key>isa</key>
			<string>PBXShellScriptBuildPhase</string>
			<key>name</key>
			<string>Copy Pods Resources</string>
			<key>outputPaths</key>
			<array/>
			<key>runOnlyForDeploymentPostprocessing</key>
			<string>0</string>
			<key>shellPath</key>
			<string>/bin/sh</string>
			<key>shellScript</key>
			<string>"${SRCROOT}/Pods/Target Support Files/Pods-KK/Pods-KK-resources.sh"
</string>
			<key>showEnvVarsInLog</key>
			<string>0</string>
		</dict>
		<key>C98C013E9D101F4D4136119F</key>
		<dict>
			<key>buildActionMask</key>
			<string>2147483647</string>
			<key>files</key>
			<array/>
			<key>inputPaths</key>
			<array/>
			<key>isa</key>
			<string>PBXShellScriptBuildPhase</string>
			<key>name</key>
			<string>Check Pods Manifest.lock</string>
			<key>outputPaths</key>
			<array/>
			<key>runOnlyForDeploymentPostprocessing</key>
			<string>0</string>
			<key>shellPath</key>
			<string>/bin/sh</string>
			<key>shellScript</key>
			<string>diff "${PODS_ROOT}/../Podfile.lock" "${PODS_ROOT}/Manifest.lock" &gt; /dev/null
if [[ $? != 0 ]] ; then
    cat &lt;&lt; EOM
error: The sandbox is not in sync with the Podfile.lock. Run 'pod install' or update your CocoaPods installation.
EOM
    exit 1
fi
</string>
			<key>showEnvVarsInLog</key>
			<string>0</string>
		</dict>
		<key>D06314BA45FF915C58594999</key>
		<dict>
			<key>explicitFileType</key>
			<string>wrapper.framework</string>
			<key>includeInIndex</key>
			<string>0</string>
			<key>isa</key>
			<string>PBXFileReference</string>
			<key>path</key>
			<string>Pods_KK.framework</string>
			<key>sourceTree</key>
			<string>BUILT_PRODUCTS_DIR</string>
		</dict>
		<key>DECF578CD5CA6C00A4863356</key>
		<dict>
			<key>includeInIndex</key>
			<string>1</string>
			<key>isa</key>
			<string>PBXFileReference</string>
			<key>lastKnownFileType</key>
			<string>text.xcconfig</string>
			<key>name</key>
			<string>Pods-KK.release.xcconfig</string>
			<key>path</key>
			<string>Pods/Target Support Files/Pods-KK/Pods-KK.release.xcconfig</string>
			<key>sourceTree</key>
			<string>&lt;group&gt;</string>
		</dict>
		<key>F2122ABD531F0FC8EC329C45</key>
		<dict>
			<key>buildActionMask</key>
			<string>2147483647</string>
			<key>files</key>
			<array/>
			<key>inputPaths</key>
			<array/>
			<key>isa</key>
			<string>PBXShellScriptBuildPhase</string>
			<key>name</key>
			<string>Embed Pods Frameworks</string>
			<key>outputPaths</key>
			<array/>
			<key>runOnlyForDeploymentPostprocessing</key>
			<string>0</string>
			<key>shellPath</key>
			<string>/bin/sh</string>
			<key>shellScript</key>
			<string>"${SRCROOT}/Pods/Target Support Files/Pods-KK/Pods-KK-frameworks.sh"
</string>
			<key>showEnvVarsInLog</key>
			<string>0</string>
		</dict>
		<key>FE8E50A0275A84C0E107C266</key>
		<dict>
			<key>includeInIndex</key>
			<string>1</string>
			<key>isa</key>
			<string>PBXFileReference</string>
			<key>lastKnownFileType</key>
			<string>text.xcconfig</string>
			<key>name</key>
			<string>Pods-KK.debug.xcconfig</string>
			<key>path</key>
			<string>Pods/Target Support Files/Pods-KK/Pods-KK.debug.xcconfig</string>
			<key>sourceTree</key>
			<string>&lt;group&gt;</string>
		</dict>
	</dict>
	<key>rootObject</key>
	<string>3A8A0B671C72420E006DFAD7</string>
</dict>
</plist>
