PODS:
  - FLKAutoLayout (0.2.1)
  - ORStackView (3.0.1):
    - FLKAutoLayout (~> 0.2)

DEPENDENCIES:
  - ORStackView (~> 3.0)

SPEC CHECKSUMS:
  FLKAutoLayout: 9db6b30c2008d230da608e62c607b11c23b942e6
  ORStackView: a1bb52748cd0ae29891c140baf22ff8972fb363c

PODFILE CHECKSUM: 838c7ee255eea2c80550b8de1c92a9e0105f8431

COCOAPODS: 1.4.0
